// !$*UTF8*$!
{
	archiveVersion = 1;
	classes = {
	};
	objectVersion = 46;
	objects = {

/* Begin PBXBuildFile section */
		0A122E8F1969A5BF005894EB /* PhotoInfo.m in Sources */ = {isa = PBXBuildFile; fileRef = 0A122E8E1969A5BF005894EB /* PhotoInfo.m */; };
		0A122E951969A5F7005894EB /* Building.m in Sources */ = {isa = PBXBuildFile; fileRef = 0A122E941969A5F7005894EB /* Building.m */; };
		0A122E971969ACF8005894EB /* CoreLocation.framework in Frameworks */ = {isa = PBXBuildFile; fileRef = 0A122E961969ACF8005894EB /* CoreLocation.framework */; };
		0A122E9B1969C2D4005894EB /* SignupViewController.m in Sources */ = {isa = PBXBuildFile; fileRef = 0A122E991969C2D4005894EB /* SignupViewController.m */; };
		0A122E9C1969C2D4005894EB /* SignupViewController.xib in Resources */ = {isa = PBXBuildFile; fileRef = 0A122E9A1969C2D4005894EB /* SignupViewController.xib */; };
		0A2835561971D863008A5FC7 /* ExploreCasesContainerViewController.m in Sources */ = {isa = PBXBuildFile; fileRef = 0A2835541971D863008A5FC7 /* ExploreCasesContainerViewController.m */; };
		0A2835571971D863008A5FC7 /* ExploreCasesContainerViewController.xib in Resources */ = {isa = PBXBuildFile; fileRef = 0A2835551971D863008A5FC7 /* ExploreCasesContainerViewController.xib */; };
		0A28355A19721499008A5FC7 /* CreateReportButton.m in Sources */ = {isa = PBXBuildFile; fileRef = 0A28355919721499008A5FC7 /* CreateReportButton.m */; };
		0A28355D1972DCB4008A5FC7 /* ExploreTabBarItem.m in Sources */ = {isa = PBXBuildFile; fileRef = 0A28355C1972DCB4008A5FC7 /* ExploreTabBarItem.m */; };
		0A2EF03C19663E2A00FED705 /* AggregateMapViewController.m in Sources */ = {isa = PBXBuildFile; fileRef = 0A2EF03A19663E2A00FED705 /* AggregateMapViewController.m */; };
		0A2EF03D19663E2A00FED705 /* AggregateMapViewController.xib in Resources */ = {isa = PBXBuildFile; fileRef = 0A2EF03B19663E2A00FED705 /* AggregateMapViewController.xib */; };
		0A2EF03F19663E9D00FED705 /* MapKit.framework in Frameworks */ = {isa = PBXBuildFile; fileRef = 0A2EF03E19663E9D00FED705 /* MapKit.framework */; };
		0A2FFB3A197A2C320064E647 /* CaseViewController.m in Sources */ = {isa = PBXBuildFile; fileRef = 0A2FFB38197A2C320064E647 /* CaseViewController.m */; };
		0A2FFB3B197A2C320064E647 /* CaseViewController.xib in Resources */ = {isa = PBXBuildFile; fileRef = 0A2FFB39197A2C320064E647 /* CaseViewController.xib */; };
		0A2FFB3F197B0F670064E647 /* DetailContentTableViewCell.m in Sources */ = {isa = PBXBuildFile; fileRef = 0A2FFB3D197B0F670064E647 /* DetailContentTableViewCell.m */; };
		0A2FFB40197B0F670064E647 /* DetailContentTableViewCell.xib in Resources */ = {isa = PBXBuildFile; fileRef = 0A2FFB3E197B0F670064E647 /* DetailContentTableViewCell.xib */; };
		0A2FFB4E197C28F90064E647 /* ContactInfoCell.m in Sources */ = {isa = PBXBuildFile; fileRef = 0A2FFB4C197C28F90064E647 /* ContactInfoCell.m */; };
		0A2FFB4F197C28F90064E647 /* ContactInfoCell.xib in Resources */ = {isa = PBXBuildFile; fileRef = 0A2FFB4D197C28F90064E647 /* ContactInfoCell.xib */; };
		0A2FFB52197C29D70064E647 /* ContactInfoButton.m in Sources */ = {isa = PBXBuildFile; fileRef = 0A2FFB51197C29D70064E647 /* ContactInfoButton.m */; };
		0A2FFB55197C71590064E647 /* DetailViewTableHeader.m in Sources */ = {isa = PBXBuildFile; fileRef = 0A2FFB54197C71590064E647 /* DetailViewTableHeader.m */; };
		0A2FFB57197C71710064E647 /* DetailViewTableHeader.xib in Resources */ = {isa = PBXBuildFile; fileRef = 0A2FFB56197C71710064E647 /* DetailViewTableHeader.xib */; };
		0A2FFB5F197CBD6D0064E647 /* PhoneButton.m in Sources */ = {isa = PBXBuildFile; fileRef = 0A2FFB5E197CBD6D0064E647 /* PhoneButton.m */; };
		0A2FFB62197CCBA70064E647 /* SendEmailButton.m in Sources */ = {isa = PBXBuildFile; fileRef = 0A2FFB61197CCBA70064E647 /* SendEmailButton.m */; };
		0A2FFB65197CCC210064E647 /* DetailFooterView.m in Sources */ = {isa = PBXBuildFile; fileRef = 0A2FFB64197CCC210064E647 /* DetailFooterView.m */; };
		0A2FFB67197CCC3B0064E647 /* DetailFooterView.xib in Resources */ = {isa = PBXBuildFile; fileRef = 0A2FFB66197CCC3B0064E647 /* DetailFooterView.xib */; };
		0A2FFB69197CE7970064E647 /* ic_signin_password@2x.png in Resources */ = {isa = PBXBuildFile; fileRef = 0A2FFB68197CE7970064E647 /* ic_signin_password@2x.png */; };
		0A2FFB6B197CEAC90064E647 /* ic_signin_username@2x.png in Resources */ = {isa = PBXBuildFile; fileRef = 0A2FFB6A197CEAC90064E647 /* ic_signin_username@2x.png */; };
		0A3C8C391978C03A00ED1667 /* btn_adminLogin_normal@2x.png in Resources */ = {isa = PBXBuildFile; fileRef = 0A3C8C251978C03A00ED1667 /* btn_adminLogin_normal@2x.png */; };
		0A3C8C3A1978C03A00ED1667 /* btn_adminLogin_pressed@2x.png in Resources */ = {isa = PBXBuildFile; fileRef = 0A3C8C261978C03A00ED1667 /* btn_adminLogin_pressed@2x.png */; };
		0A3C8C3B1978C03A00ED1667 /* btn_create_normal@2x.png in Resources */ = {isa = PBXBuildFile; fileRef = 0A3C8C271978C03A00ED1667 /* btn_create_normal@2x.png */; };
		0A3C8C3C1978C03A00ED1667 /* btn_create_pressed@2x.png in Resources */ = {isa = PBXBuildFile; fileRef = 0A3C8C281978C03A00ED1667 /* btn_create_pressed@2x.png */; };
		0A3C8C3D1978C03A00ED1667 /* btn_email_normal@2x.png in Resources */ = {isa = PBXBuildFile; fileRef = 0A3C8C291978C03A00ED1667 /* btn_email_normal@2x.png */; };
		0A3C8C3E1978C03A00ED1667 /* btn_email_pressed@2x.png in Resources */ = {isa = PBXBuildFile; fileRef = 0A3C8C2A1978C03A00ED1667 /* btn_email_pressed@2x.png */; };
		0A3C8C3F1978C03A00ED1667 /* btn_phone_normal@2x.png in Resources */ = {isa = PBXBuildFile; fileRef = 0A3C8C2B1978C03A00ED1667 /* btn_phone_normal@2x.png */; };
		0A3C8C401978C03A00ED1667 /* btn_phone_pressed@2x.png in Resources */ = {isa = PBXBuildFile; fileRef = 0A3C8C2C1978C03A00ED1667 /* btn_phone_pressed@2x.png */; };
		0A3C8C411978C03A00ED1667 /* ic_nav_admin_normal@2x.png in Resources */ = {isa = PBXBuildFile; fileRef = 0A3C8C2D1978C03A00ED1667 /* ic_nav_admin_normal@2x.png */; };
		0A3C8C421978C03A00ED1667 /* ic_nav_admin_selected@2x.png in Resources */ = {isa = PBXBuildFile; fileRef = 0A3C8C2E1978C03A00ED1667 /* ic_nav_admin_selected@2x.png */; };
		0A3C8C431978C03A00ED1667 /* ic_nav_back_normal@2x.png in Resources */ = {isa = PBXBuildFile; fileRef = 0A3C8C2F1978C03A00ED1667 /* ic_nav_back_normal@2x.png */; };
		0A3C8C441978C03A00ED1667 /* ic_nav_cases_normal@2x.png in Resources */ = {isa = PBXBuildFile; fileRef = 0A3C8C301978C03A00ED1667 /* ic_nav_cases_normal@2x.png */; };
		0A3C8C451978C03A00ED1667 /* ic_nav_cases_selected@2x.png in Resources */ = {isa = PBXBuildFile; fileRef = 0A3C8C311978C03A00ED1667 /* ic_nav_cases_selected@2x.png */; };
		0A3C8C461978C03A00ED1667 /* ic_nav_close_normal@2x.png in Resources */ = {isa = PBXBuildFile; fileRef = 0A3C8C321978C03A00ED1667 /* ic_nav_close_normal@2x.png */; };
		0A3C8C471978C03A00ED1667 /* ic_nav_edit_normal@2x.png in Resources */ = {isa = PBXBuildFile; fileRef = 0A3C8C331978C03A00ED1667 /* ic_nav_edit_normal@2x.png */; };
		0A3C8C481978C03A00ED1667 /* ic_nav_map_normal@2x.png in Resources */ = {isa = PBXBuildFile; fileRef = 0A3C8C341978C03A00ED1667 /* ic_nav_map_normal@2x.png */; };
		0A3C8C491978C03A00ED1667 /* ic_nav_map_selected@2x.png in Resources */ = {isa = PBXBuildFile; fileRef = 0A3C8C351978C03A00ED1667 /* ic_nav_map_selected@2x.png */; };
		0A3C8C4A1978C03A00ED1667 /* ic_photoGallery_active@2x.png in Resources */ = {isa = PBXBuildFile; fileRef = 0A3C8C361978C03A00ED1667 /* ic_photoGallery_active@2x.png */; };
		0A3C8C4B1978C03A00ED1667 /* ic_photoGallery_inactive@2x.png in Resources */ = {isa = PBXBuildFile; fileRef = 0A3C8C371978C03A00ED1667 /* ic_photoGallery_inactive@2x.png */; };
		0A3C8C4C1978C03A00ED1667 /* ic_search@2x.png in Resources */ = {isa = PBXBuildFile; fileRef = 0A3C8C381978C03A00ED1667 /* ic_search@2x.png */; };
		0A3C8C4F1978E76000ED1667 /* BuildingAnnotationView.m in Sources */ = {isa = PBXBuildFile; fileRef = 0A3C8C4E1978E76000ED1667 /* BuildingAnnotationView.m */; };
		0AE370B4196D16DB00E80E88 /* building.png in Resources */ = {isa = PBXBuildFile; fileRef = 0AE370B3196D16DB00E80E88 /* building.png */; };
		0AF08BB21964EC94002761B9 /* Foundation.framework in Frameworks */ = {isa = PBXBuildFile; fileRef = 0AF08BB11964EC94002761B9 /* Foundation.framework */; };
		0AF08BB41964EC94002761B9 /* CoreGraphics.framework in Frameworks */ = {isa = PBXBuildFile; fileRef = 0AF08BB31964EC94002761B9 /* CoreGraphics.framework */; };
		0AF08BB61964EC94002761B9 /* UIKit.framework in Frameworks */ = {isa = PBXBuildFile; fileRef = 0AF08BB51964EC94002761B9 /* UIKit.framework */; };
		0AF08BBC1964EC94002761B9 /* InfoPlist.strings in Resources */ = {isa = PBXBuildFile; fileRef = 0AF08BBA1964EC94002761B9 /* InfoPlist.strings */; };
		0AF08BBE1964EC94002761B9 /* main.m in Sources */ = {isa = PBXBuildFile; fileRef = 0AF08BBD1964EC94002761B9 /* main.m */; };
		0AF08BC21964EC94002761B9 /* AppDelegate.m in Sources */ = {isa = PBXBuildFile; fileRef = 0AF08BC11964EC94002761B9 /* AppDelegate.m */; };
		0AF08BC41964EC94002761B9 /* Images.xcassets in Resources */ = {isa = PBXBuildFile; fileRef = 0AF08BC31964EC94002761B9 /* Images.xcassets */; };
		0AF08BCB1964EC94002761B9 /* XCTest.framework in Frameworks */ = {isa = PBXBuildFile; fileRef = 0AF08BCA1964EC94002761B9 /* XCTest.framework */; };
		0AF08BCC1964EC94002761B9 /* Foundation.framework in Frameworks */ = {isa = PBXBuildFile; fileRef = 0AF08BB11964EC94002761B9 /* Foundation.framework */; };
		0AF08BCD1964EC94002761B9 /* UIKit.framework in Frameworks */ = {isa = PBXBuildFile; fileRef = 0AF08BB51964EC94002761B9 /* UIKit.framework */; };
		0AF08BD51964EC94002761B9 /* InfoPlist.strings in Resources */ = {isa = PBXBuildFile; fileRef = 0AF08BD31964EC94002761B9 /* InfoPlist.strings */; };
		0AF08BD71964EC94002761B9 /* THCTests.m in Sources */ = {isa = PBXBuildFile; fileRef = 0AF08BD61964EC94002761B9 /* THCTests.m */; };
		0AF08BE61964F16F002761B9 /* LoginViewController.m in Sources */ = {isa = PBXBuildFile; fileRef = 0AF08BE41964F16F002761B9 /* LoginViewController.m */; };
		0AF08BE71964F16F002761B9 /* LoginViewController.xib in Resources */ = {isa = PBXBuildFile; fileRef = 0AF08BE51964F16F002761B9 /* LoginViewController.xib */; };
		377D16A91967342A004E4E67 /* CameraViewController.m in Sources */ = {isa = PBXBuildFile; fileRef = 377D16A71967342A004E4E67 /* CameraViewController.m */; };
		377D16AA1967342A004E4E67 /* CameraViewController.xib in Resources */ = {isa = PBXBuildFile; fileRef = 377D16A81967342A004E4E67 /* CameraViewController.xib */; };
		377D16AF1967BD38004E4E67 /* PhotoDescriptionViewController.m in Sources */ = {isa = PBXBuildFile; fileRef = 377D16AD1967BD38004E4E67 /* PhotoDescriptionViewController.m */; };
		377D16B01967BD38004E4E67 /* PhotoDescriptionViewController.xib in Resources */ = {isa = PBXBuildFile; fileRef = 377D16AE1967BD38004E4E67 /* PhotoDescriptionViewController.xib */; };
		377D16B41967BE1D004E4E67 /* ViolationSubmissionViewController.m in Sources */ = {isa = PBXBuildFile; fileRef = 377D16B21967BE1D004E4E67 /* ViolationSubmissionViewController.m */; };
		377D16B51967BE1D004E4E67 /* ViolationSubmissionViewController.xib in Resources */ = {isa = PBXBuildFile; fileRef = 377D16B31967BE1D004E4E67 /* ViolationSubmissionViewController.xib */; };
		377D170C1969E75F004E4E67 /* ViolationDescriptionViewController.m in Sources */ = {isa = PBXBuildFile; fileRef = 377D170A1969E75F004E4E67 /* ViolationDescriptionViewController.m */; };
		377D170D1969E75F004E4E67 /* ViolationDescriptionViewController.xib in Resources */ = {isa = PBXBuildFile; fileRef = 377D170B1969E75F004E4E67 /* ViolationDescriptionViewController.xib */; };
		377D17101969E7BA004E4E67 /* ViolationSubmissionForm.m in Sources */ = {isa = PBXBuildFile; fileRef = 377D170F1969E7BA004E4E67 /* ViolationSubmissionForm.m */; };
		377D17131969E7D7004E4E67 /* AddressForm.m in Sources */ = {isa = PBXBuildFile; fileRef = 377D17121969E7D7004E4E67 /* AddressForm.m */; };
		377D1716196AF9F0004E4E67 /* OtherAddress.m in Sources */ = {isa = PBXBuildFile; fileRef = 377D1715196AF9F0004E4E67 /* OtherAddress.m */; };
		37BD74B519739633004BD913 /* camera.png in Resources */ = {isa = PBXBuildFile; fileRef = 37BD74B419739633004BD913 /* camera.png */; };
		37BD74B91974274A004BD913 /* AsseptPicker.m in Sources */ = {isa = PBXBuildFile; fileRef = 37BD74B81974274A004BD913 /* AsseptPicker.m */; };
		37BD74BC1974276B004BD913 /* AssetWrapper.m in Sources */ = {isa = PBXBuildFile; fileRef = 37BD74BB1974276B004BD913 /* AssetWrapper.m */; };
		37BD74BF197427D5004BD913 /* PhotoCell.m in Sources */ = {isa = PBXBuildFile; fileRef = 37BD74BE197427D5004BD913 /* PhotoCell.m */; };
		37BD74C1197427F9004BD913 /* PhotoCell.xib in Resources */ = {isa = PBXBuildFile; fileRef = 37BD74C0197427F9004BD913 /* PhotoCell.xib */; };
		37BD74C519742839004BD913 /* AlbumListController.m in Sources */ = {isa = PBXBuildFile; fileRef = 37BD74C319742839004BD913 /* AlbumListController.m */; };
		37BD74C619742839004BD913 /* AlbumListController.xib in Resources */ = {isa = PBXBuildFile; fileRef = 37BD74C419742839004BD913 /* AlbumListController.xib */; };
		37BD74CA19742864004BD913 /* PhotoCollectionController.m in Sources */ = {isa = PBXBuildFile; fileRef = 37BD74C819742864004BD913 /* PhotoCollectionController.m */; };
		37BD74CB19742864004BD913 /* PhotoCollectionController.xib in Resources */ = {isa = PBXBuildFile; fileRef = 37BD74C919742864004BD913 /* PhotoCollectionController.xib */; };
		37BD74CD19742BB1004BD913 /* SelectionIndicator.png in Resources */ = {isa = PBXBuildFile; fileRef = 37BD74CC19742BB1004BD913 /* SelectionIndicator.png */; };
		37BD74D11974A65F004BD913 /* delete1.png in Resources */ = {isa = PBXBuildFile; fileRef = 37BD74D01974A65F004BD913 /* delete1.png */; };
		37BD74D5197594C4004BD913 /* delete.png in Resources */ = {isa = PBXBuildFile; fileRef = 37BD74D4197594C4004BD913 /* delete.png */; };
		37BD7520197C858A004BD913 /* KxMenu.m in Sources */ = {isa = PBXBuildFile; fileRef = 37BD751F197C858A004BD913 /* KxMenu.m */; };
		37BD7522197C93D3004BD913 /* ic_reports_fullname@2x.png in Resources */ = {isa = PBXBuildFile; fileRef = 37BD7521197C93D3004BD913 /* ic_reports_fullname@2x.png */; };
		37BD7526197C93FB004BD913 /* NameFieldCell.m in Sources */ = {isa = PBXBuildFile; fileRef = 37BD7524197C93FB004BD913 /* NameFieldCell.m */; };
		37BD7527197C93FB004BD913 /* NameFieldCell.xib in Resources */ = {isa = PBXBuildFile; fileRef = 37BD7525197C93FB004BD913 /* NameFieldCell.xib */; };
		37BD752B197C9432004BD913 /* SpokenLanguageFieldCell.m in Sources */ = {isa = PBXBuildFile; fileRef = 37BD7529197C9432004BD913 /* SpokenLanguageFieldCell.m */; };
		37BD752C197C9432004BD913 /* SpokenLanguageFieldCell.xib in Resources */ = {isa = PBXBuildFile; fileRef = 37BD752A197C9432004BD913 /* SpokenLanguageFieldCell.xib */; };
		37BD7530197C944A004BD913 /* PhoneFieldCell.m in Sources */ = {isa = PBXBuildFile; fileRef = 37BD752E197C944A004BD913 /* PhoneFieldCell.m */; };
		37BD7531197C944A004BD913 /* PhoneFieldCell.xib in Resources */ = {isa = PBXBuildFile; fileRef = 37BD752F197C944A004BD913 /* PhoneFieldCell.xib */; };
		37BD7535197C9461004BD913 /* EmailFieldCell.m in Sources */ = {isa = PBXBuildFile; fileRef = 37BD7533197C9461004BD913 /* EmailFieldCell.m */; };
		37BD7536197C9461004BD913 /* EmailFieldCell.xib in Resources */ = {isa = PBXBuildFile; fileRef = 37BD7534197C9461004BD913 /* EmailFieldCell.xib */; };
		37BD753A197C94ED004BD913 /* ic_reports_email@2x.png in Resources */ = {isa = PBXBuildFile; fileRef = 37BD7537197C94ED004BD913 /* ic_reports_email@2x.png */; };
		37BD753B197C94ED004BD913 /* ic_reports_language@2x.png in Resources */ = {isa = PBXBuildFile; fileRef = 37BD7538197C94ED004BD913 /* ic_reports_language@2x.png */; };
		37BD753C197C94ED004BD913 /* ic_reports_phone@2x.png in Resources */ = {isa = PBXBuildFile; fileRef = 37BD7539197C94ED004BD913 /* ic_reports_phone@2x.png */; };
		37BD753F197C9A15004BD913 /* ViolationForm.m in Sources */ = {isa = PBXBuildFile; fileRef = 37BD753E197C9A15004BD913 /* ViolationForm.m */; };
		37BD7548197CB7C1004BD913 /* HotelFieldCell.m in Sources */ = {isa = PBXBuildFile; fileRef = 37BD7546197CB7C1004BD913 /* HotelFieldCell.m */; };
		37BD7549197CB7C1004BD913 /* HotelFieldCell.xib in Resources */ = {isa = PBXBuildFile; fileRef = 37BD7547197CB7C1004BD913 /* HotelFieldCell.xib */; };
		37BD754D197CB7D9004BD913 /* UnitFieldCell.m in Sources */ = {isa = PBXBuildFile; fileRef = 37BD754B197CB7D9004BD913 /* UnitFieldCell.m */; };
		37BD754E197CB7D9004BD913 /* UnitFieldCell.xib in Resources */ = {isa = PBXBuildFile; fileRef = 37BD754C197CB7D9004BD913 /* UnitFieldCell.xib */; };
		37BD7552197CB819004BD913 /* ViolationTypeFieldCell.m in Sources */ = {isa = PBXBuildFile; fileRef = 37BD7550197CB819004BD913 /* ViolationTypeFieldCell.m */; };
		37BD7553197CB819004BD913 /* ViolationTypeFieldCell.xib in Resources */ = {isa = PBXBuildFile; fileRef = 37BD7551197CB819004BD913 /* ViolationTypeFieldCell.xib */; };
		37BD7557197CB833004BD913 /* ViolationDescriptionFieldCell.m in Sources */ = {isa = PBXBuildFile; fileRef = 37BD7555197CB833004BD913 /* ViolationDescriptionFieldCell.m */; };
		37BD7558197CB833004BD913 /* ViolationDescriptionFieldCell.xib in Resources */ = {isa = PBXBuildFile; fileRef = 37BD7556197CB833004BD913 /* ViolationDescriptionFieldCell.xib */; };
		37BD755A197CB8F0004BD913 /* ic_reports_hotel@2x.png in Resources */ = {isa = PBXBuildFile; fileRef = 37BD7559197CB8F0004BD913 /* ic_reports_hotel@2x.png */; };
		37BD755C197CB91D004BD913 /* ic_reports_unit@2x.png in Resources */ = {isa = PBXBuildFile; fileRef = 37BD755B197CB91D004BD913 /* ic_reports_unit@2x.png */; };
		37BD755E197CB992004BD913 /* ic_reports_violationPhotos@2x.png in Resources */ = {isa = PBXBuildFile; fileRef = 37BD755D197CB992004BD913 /* ic_reports_violationPhotos@2x.png */; };
		37BD7560197CB9B6004BD913 /* ic_reports_violationMultiUnit@2x.png in Resources */ = {isa = PBXBuildFile; fileRef = 37BD755F197CB9B6004BD913 /* ic_reports_violationMultiUnit@2x.png */; };
		37BD7562197CBA15004BD913 /* btn_selected_remove_normal@2x.png in Resources */ = {isa = PBXBuildFile; fileRef = 37BD7561197CBA15004BD913 /* btn_selected_remove_normal@2x.png */; };
		37BD7564197CBA1F004BD913 /* btn_selected_remove_pressed@2x.png in Resources */ = {isa = PBXBuildFile; fileRef = 37BD7563197CBA1F004BD913 /* btn_selected_remove_pressed@2x.png */; };
		37BD7566197CBA62004BD913 /* ic_report_camera@2x.png in Resources */ = {isa = PBXBuildFile; fileRef = 37BD7565197CBA62004BD913 /* ic_report_camera@2x.png */; };
		37BD7569197DB47A004BD913 /* ic_reports_violationText@2x.png in Resources */ = {isa = PBXBuildFile; fileRef = 37BD7567197DB47A004BD913 /* ic_reports_violationText@2x.png */; };
		37BD756A197DB47A004BD913 /* ic_reports_violationType@2x.png in Resources */ = {isa = PBXBuildFile; fileRef = 37BD7568197DB47A004BD913 /* ic_reports_violationType@2x.png */; };
		37BD756F197DCA29004BD913 /* MultiUnitFieldCell.m in Sources */ = {isa = PBXBuildFile; fileRef = 37BD756D197DCA29004BD913 /* MultiUnitFieldCell.m */; };
		37BD7570197DCA29004BD913 /* MultiUnitFieldCell.xib in Resources */ = {isa = PBXBuildFile; fileRef = 37BD756E197DCA29004BD913 /* MultiUnitFieldCell.xib */; };
		37BD7574197DCA3C004BD913 /* SubmitCell.m in Sources */ = {isa = PBXBuildFile; fileRef = 37BD7572197DCA3B004BD913 /* SubmitCell.m */; };
		37BD7575197DCA3C004BD913 /* SubmitCell.xib in Resources */ = {isa = PBXBuildFile; fileRef = 37BD7573197DCA3C004BD913 /* SubmitCell.xib */; };
		37BD75F3197E3A3F004BD913 /* ic_camera_add@2x.png in Resources */ = {isa = PBXBuildFile; fileRef = 37BD75F2197E3A3F004BD913 /* ic_camera_add@2x.png */; };
		37BD75F5197E3A47004BD913 /* ic_camera@2x.png in Resources */ = {isa = PBXBuildFile; fileRef = 37BD75F4197E3A47004BD913 /* ic_camera@2x.png */; };
		37BD75F7197E3A4E004BD913 /* btn_report_hintPicker_normal@2x.png in Resources */ = {isa = PBXBuildFile; fileRef = 37BD75F6197E3A4E004BD913 /* btn_report_hintPicker_normal@2x.png */; };
		37BD75F9197E3A56004BD913 /* btn_report_hintPicker_selected@2x.png in Resources */ = {isa = PBXBuildFile; fileRef = 37BD75F8197E3A56004BD913 /* btn_report_hintPicker_selected@2x.png */; };
		44241DE75AEF4E11B2D2C50F /* libPods.a in Frameworks */ = {isa = PBXBuildFile; fileRef = 0ACDC5B94E4440D4A15CFB87 /* libPods.a */; };
		87373A20196F9DC000B93FBB /* CameraLauncher.m in Sources */ = {isa = PBXBuildFile; fileRef = 87373A1F196F9DC000B93FBB /* CameraLauncher.m */; };
		87749379197A18420094B83E /* BuildingPhoto.m in Sources */ = {isa = PBXBuildFile; fileRef = 87749378197A18420094B83E /* BuildingPhoto.m */; };
		878845A1197B56650077A27A /* SubmissionValidationViewController.m in Sources */ = {isa = PBXBuildFile; fileRef = 8788459F197B56650077A27A /* SubmissionValidationViewController.m */; };
		878845A2197B56650077A27A /* SubmissionValidationViewController.xib in Resources */ = {isa = PBXBuildFile; fileRef = 878845A0197B56650077A27A /* SubmissionValidationViewController.xib */; };
		878845A5197B8DD00077A27A /* ReviewReportButton.m in Sources */ = {isa = PBXBuildFile; fileRef = 878845A4197B8DD00077A27A /* ReviewReportButton.m */; };
		87A988501968C09500EDE34F /* CaseTableViewController.m in Sources */ = {isa = PBXBuildFile; fileRef = 87A9884E1968C09500EDE34F /* CaseTableViewController.m */; };
		87A988511968C09500EDE34F /* CaseTableViewController.xib in Resources */ = {isa = PBXBuildFile; fileRef = 87A9884F1968C09500EDE34F /* CaseTableViewController.xib */; };
		87A988551968C0A400EDE34F /* CaseDetailViewController.m in Sources */ = {isa = PBXBuildFile; fileRef = 87A988531968C0A400EDE34F /* CaseDetailViewController.m */; };
		87A988561968C0A400EDE34F /* CaseDetailViewController.xib in Resources */ = {isa = PBXBuildFile; fileRef = 87A988541968C0A400EDE34F /* CaseDetailViewController.xib */; };
		87A9885A1968C0D700EDE34F /* CaseCell.m in Sources */ = {isa = PBXBuildFile; fileRef = 87A988581968C0D700EDE34F /* CaseCell.m */; };
		87A9885B1968C0D700EDE34F /* CaseCell.xib in Resources */ = {isa = PBXBuildFile; fileRef = 87A988591968C0D700EDE34F /* CaseCell.xib */; };
		87A9885E1968D6EE00EDE34F /* Case.m in Sources */ = {isa = PBXBuildFile; fileRef = 87A9885D1968D6EE00EDE34F /* Case.m */; };
		87A98861196A3BE000EDE34F /* Note.m in Sources */ = {isa = PBXBuildFile; fileRef = 87A98860196A3BE000EDE34F /* Note.m */; };
		87B20022197C7F91000D6CBD /* btn_success_normal@2x.png in Resources */ = {isa = PBXBuildFile; fileRef = 87B20020197C7F91000D6CBD /* btn_success_normal@2x.png */; };
		87B20023197C7F91000D6CBD /* btn_success_pressed@2x.png in Resources */ = {isa = PBXBuildFile; fileRef = 87B20021197C7F91000D6CBD /* btn_success_pressed@2x.png */; };
		87B20026197C7FA9000D6CBD /* ic_nav_check_normal@2x.png in Resources */ = {isa = PBXBuildFile; fileRef = 87B20024197C7FA9000D6CBD /* ic_nav_check_normal@2x.png */; };
		87B20027197C7FA9000D6CBD /* ic_success@2x.png in Resources */ = {isa = PBXBuildFile; fileRef = 87B20025197C7FA9000D6CBD /* ic_success@2x.png */; };
		87B2002B197C88FF000D6CBD /* HappySunViewController.m in Sources */ = {isa = PBXBuildFile; fileRef = 87B20029197C88FF000D6CBD /* HappySunViewController.m */; };
		87B2002C197C88FF000D6CBD /* HappySunViewController.xib in Resources */ = {isa = PBXBuildFile; fileRef = 87B2002A197C88FF000D6CBD /* HappySunViewController.xib */; };
		87B2002F197C90CE000D6CBD /* GetStartedButton.m in Sources */ = {isa = PBXBuildFile; fileRef = 87B2002E197C90CE000D6CBD /* GetStartedButton.m */; };
/* End PBXBuildFile section */

/* Begin PBXContainerItemProxy section */
		0AF08BCE1964EC94002761B9 /* PBXContainerItemProxy */ = {
			isa = PBXContainerItemProxy;
			containerPortal = 0AF08BA61964EC94002761B9 /* Project object */;
			proxyType = 1;
			remoteGlobalIDString = 0AF08BAD1964EC94002761B9;
			remoteInfo = THC;
		};
/* End PBXContainerItemProxy section */

/* Begin PBXFileReference section */
		02E9147714AE45B28801C32B /* Pods.xcconfig */ = {isa = PBXFileReference; includeInIndex = 1; lastKnownFileType = text.xcconfig; name = Pods.xcconfig; path = Pods/Pods.xcconfig; sourceTree = "<group>"; };
		0A122E8D1969A5BF005894EB /* PhotoInfo.h */ = {isa = PBXFileReference; fileEncoding = 4; lastKnownFileType = sourcecode.c.h; path = PhotoInfo.h; sourceTree = "<group>"; };
		0A122E8E1969A5BF005894EB /* PhotoInfo.m */ = {isa = PBXFileReference; fileEncoding = 4; lastKnownFileType = sourcecode.c.objc; path = PhotoInfo.m; sourceTree = "<group>"; };
		0A122E931969A5F7005894EB /* Building.h */ = {isa = PBXFileReference; fileEncoding = 4; lastKnownFileType = sourcecode.c.h; path = Building.h; sourceTree = "<group>"; };
		0A122E941969A5F7005894EB /* Building.m */ = {isa = PBXFileReference; fileEncoding = 4; lastKnownFileType = sourcecode.c.objc; path = Building.m; sourceTree = "<group>"; };
		0A122E961969ACF8005894EB /* CoreLocation.framework */ = {isa = PBXFileReference; lastKnownFileType = wrapper.framework; name = CoreLocation.framework; path = System/Library/Frameworks/CoreLocation.framework; sourceTree = SDKROOT; };
		0A122E981969C2D4005894EB /* SignupViewController.h */ = {isa = PBXFileReference; fileEncoding = 4; lastKnownFileType = sourcecode.c.h; path = SignupViewController.h; sourceTree = "<group>"; };
		0A122E991969C2D4005894EB /* SignupViewController.m */ = {isa = PBXFileReference; fileEncoding = 4; lastKnownFileType = sourcecode.c.objc; path = SignupViewController.m; sourceTree = "<group>"; };
		0A122E9A1969C2D4005894EB /* SignupViewController.xib */ = {isa = PBXFileReference; fileEncoding = 4; lastKnownFileType = file.xib; path = SignupViewController.xib; sourceTree = "<group>"; };
		0A2835531971D863008A5FC7 /* ExploreCasesContainerViewController.h */ = {isa = PBXFileReference; fileEncoding = 4; lastKnownFileType = sourcecode.c.h; path = ExploreCasesContainerViewController.h; sourceTree = "<group>"; };
		0A2835541971D863008A5FC7 /* ExploreCasesContainerViewController.m */ = {isa = PBXFileReference; fileEncoding = 4; lastKnownFileType = sourcecode.c.objc; path = ExploreCasesContainerViewController.m; sourceTree = "<group>"; };
		0A2835551971D863008A5FC7 /* ExploreCasesContainerViewController.xib */ = {isa = PBXFileReference; fileEncoding = 4; lastKnownFileType = file.xib; path = ExploreCasesContainerViewController.xib; sourceTree = "<group>"; };
		0A28355819721499008A5FC7 /* CreateReportButton.h */ = {isa = PBXFileReference; fileEncoding = 4; lastKnownFileType = sourcecode.c.h; path = CreateReportButton.h; sourceTree = "<group>"; };
		0A28355919721499008A5FC7 /* CreateReportButton.m */ = {isa = PBXFileReference; fileEncoding = 4; lastKnownFileType = sourcecode.c.objc; path = CreateReportButton.m; sourceTree = "<group>"; };
		0A28355B1972DCB4008A5FC7 /* ExploreTabBarItem.h */ = {isa = PBXFileReference; fileEncoding = 4; lastKnownFileType = sourcecode.c.h; path = ExploreTabBarItem.h; sourceTree = "<group>"; };
		0A28355C1972DCB4008A5FC7 /* ExploreTabBarItem.m */ = {isa = PBXFileReference; fileEncoding = 4; lastKnownFileType = sourcecode.c.objc; path = ExploreTabBarItem.m; sourceTree = "<group>"; };
		0A2EF03919663E2A00FED705 /* AggregateMapViewController.h */ = {isa = PBXFileReference; fileEncoding = 4; lastKnownFileType = sourcecode.c.h; path = AggregateMapViewController.h; sourceTree = "<group>"; };
		0A2EF03A19663E2A00FED705 /* AggregateMapViewController.m */ = {isa = PBXFileReference; fileEncoding = 4; lastKnownFileType = sourcecode.c.objc; path = AggregateMapViewController.m; sourceTree = "<group>"; };
		0A2EF03B19663E2A00FED705 /* AggregateMapViewController.xib */ = {isa = PBXFileReference; fileEncoding = 4; lastKnownFileType = file.xib; path = AggregateMapViewController.xib; sourceTree = "<group>"; };
		0A2EF03E19663E9D00FED705 /* MapKit.framework */ = {isa = PBXFileReference; lastKnownFileType = wrapper.framework; name = MapKit.framework; path = System/Library/Frameworks/MapKit.framework; sourceTree = SDKROOT; };
		0A2FFB37197A2C320064E647 /* CaseViewController.h */ = {isa = PBXFileReference; fileEncoding = 4; lastKnownFileType = sourcecode.c.h; path = CaseViewController.h; sourceTree = "<group>"; };
		0A2FFB38197A2C320064E647 /* CaseViewController.m */ = {isa = PBXFileReference; fileEncoding = 4; lastKnownFileType = sourcecode.c.objc; path = CaseViewController.m; sourceTree = "<group>"; };
		0A2FFB39197A2C320064E647 /* CaseViewController.xib */ = {isa = PBXFileReference; fileEncoding = 4; lastKnownFileType = file.xib; path = CaseViewController.xib; sourceTree = "<group>"; };
		0A2FFB3C197B0F670064E647 /* DetailContentTableViewCell.h */ = {isa = PBXFileReference; fileEncoding = 4; lastKnownFileType = sourcecode.c.h; path = DetailContentTableViewCell.h; sourceTree = "<group>"; };
		0A2FFB3D197B0F670064E647 /* DetailContentTableViewCell.m */ = {isa = PBXFileReference; fileEncoding = 4; lastKnownFileType = sourcecode.c.objc; path = DetailContentTableViewCell.m; sourceTree = "<group>"; };
		0A2FFB3E197B0F670064E647 /* DetailContentTableViewCell.xib */ = {isa = PBXFileReference; fileEncoding = 4; lastKnownFileType = file.xib; path = DetailContentTableViewCell.xib; sourceTree = "<group>"; };
		0A2FFB4B197C28F90064E647 /* ContactInfoCell.h */ = {isa = PBXFileReference; fileEncoding = 4; lastKnownFileType = sourcecode.c.h; path = ContactInfoCell.h; sourceTree = "<group>"; };
		0A2FFB4C197C28F90064E647 /* ContactInfoCell.m */ = {isa = PBXFileReference; fileEncoding = 4; lastKnownFileType = sourcecode.c.objc; path = ContactInfoCell.m; sourceTree = "<group>"; };
		0A2FFB4D197C28F90064E647 /* ContactInfoCell.xib */ = {isa = PBXFileReference; fileEncoding = 4; lastKnownFileType = file.xib; path = ContactInfoCell.xib; sourceTree = "<group>"; };
		0A2FFB50197C29D70064E647 /* ContactInfoButton.h */ = {isa = PBXFileReference; fileEncoding = 4; lastKnownFileType = sourcecode.c.h; path = ContactInfoButton.h; sourceTree = "<group>"; };
		0A2FFB51197C29D70064E647 /* ContactInfoButton.m */ = {isa = PBXFileReference; fileEncoding = 4; lastKnownFileType = sourcecode.c.objc; path = ContactInfoButton.m; sourceTree = "<group>"; };
		0A2FFB53197C71590064E647 /* DetailViewTableHeader.h */ = {isa = PBXFileReference; fileEncoding = 4; lastKnownFileType = sourcecode.c.h; path = DetailViewTableHeader.h; sourceTree = "<group>"; };
		0A2FFB54197C71590064E647 /* DetailViewTableHeader.m */ = {isa = PBXFileReference; fileEncoding = 4; lastKnownFileType = sourcecode.c.objc; path = DetailViewTableHeader.m; sourceTree = "<group>"; };
		0A2FFB56197C71710064E647 /* DetailViewTableHeader.xib */ = {isa = PBXFileReference; fileEncoding = 4; lastKnownFileType = file.xib; path = DetailViewTableHeader.xib; sourceTree = "<group>"; };
		0A2FFB5D197CBD6D0064E647 /* PhoneButton.h */ = {isa = PBXFileReference; fileEncoding = 4; lastKnownFileType = sourcecode.c.h; path = PhoneButton.h; sourceTree = "<group>"; };
		0A2FFB5E197CBD6D0064E647 /* PhoneButton.m */ = {isa = PBXFileReference; fileEncoding = 4; lastKnownFileType = sourcecode.c.objc; path = PhoneButton.m; sourceTree = "<group>"; };
		0A2FFB60197CCBA70064E647 /* SendEmailButton.h */ = {isa = PBXFileReference; fileEncoding = 4; lastKnownFileType = sourcecode.c.h; path = SendEmailButton.h; sourceTree = "<group>"; };
		0A2FFB61197CCBA70064E647 /* SendEmailButton.m */ = {isa = PBXFileReference; fileEncoding = 4; lastKnownFileType = sourcecode.c.objc; path = SendEmailButton.m; sourceTree = "<group>"; };
		0A2FFB63197CCC210064E647 /* DetailFooterView.h */ = {isa = PBXFileReference; fileEncoding = 4; lastKnownFileType = sourcecode.c.h; path = DetailFooterView.h; sourceTree = "<group>"; };
		0A2FFB64197CCC210064E647 /* DetailFooterView.m */ = {isa = PBXFileReference; fileEncoding = 4; lastKnownFileType = sourcecode.c.objc; path = DetailFooterView.m; sourceTree = "<group>"; };
		0A2FFB66197CCC3B0064E647 /* DetailFooterView.xib */ = {isa = PBXFileReference; fileEncoding = 4; lastKnownFileType = file.xib; path = DetailFooterView.xib; sourceTree = "<group>"; };
		0A2FFB68197CE7970064E647 /* ic_signin_password@2x.png */ = {isa = PBXFileReference; lastKnownFileType = image.png; path = "ic_signin_password@2x.png"; sourceTree = "<group>"; };
		0A2FFB6A197CEAC90064E647 /* ic_signin_username@2x.png */ = {isa = PBXFileReference; lastKnownFileType = image.png; path = "ic_signin_username@2x.png"; sourceTree = "<group>"; };
		0A3C8C251978C03A00ED1667 /* btn_adminLogin_normal@2x.png */ = {isa = PBXFileReference; lastKnownFileType = image.png; path = "btn_adminLogin_normal@2x.png"; sourceTree = "<group>"; };
		0A3C8C261978C03A00ED1667 /* btn_adminLogin_pressed@2x.png */ = {isa = PBXFileReference; lastKnownFileType = image.png; path = "btn_adminLogin_pressed@2x.png"; sourceTree = "<group>"; };
		0A3C8C271978C03A00ED1667 /* btn_create_normal@2x.png */ = {isa = PBXFileReference; lastKnownFileType = image.png; path = "btn_create_normal@2x.png"; sourceTree = "<group>"; };
		0A3C8C281978C03A00ED1667 /* btn_create_pressed@2x.png */ = {isa = PBXFileReference; lastKnownFileType = image.png; path = "btn_create_pressed@2x.png"; sourceTree = "<group>"; };
		0A3C8C291978C03A00ED1667 /* btn_email_normal@2x.png */ = {isa = PBXFileReference; lastKnownFileType = image.png; path = "btn_email_normal@2x.png"; sourceTree = "<group>"; };
		0A3C8C2A1978C03A00ED1667 /* btn_email_pressed@2x.png */ = {isa = PBXFileReference; lastKnownFileType = image.png; path = "btn_email_pressed@2x.png"; sourceTree = "<group>"; };
		0A3C8C2B1978C03A00ED1667 /* btn_phone_normal@2x.png */ = {isa = PBXFileReference; lastKnownFileType = image.png; path = "btn_phone_normal@2x.png"; sourceTree = "<group>"; };
		0A3C8C2C1978C03A00ED1667 /* btn_phone_pressed@2x.png */ = {isa = PBXFileReference; lastKnownFileType = image.png; path = "btn_phone_pressed@2x.png"; sourceTree = "<group>"; };
		0A3C8C2D1978C03A00ED1667 /* ic_nav_admin_normal@2x.png */ = {isa = PBXFileReference; lastKnownFileType = image.png; path = "ic_nav_admin_normal@2x.png"; sourceTree = "<group>"; };
		0A3C8C2E1978C03A00ED1667 /* ic_nav_admin_selected@2x.png */ = {isa = PBXFileReference; lastKnownFileType = image.png; path = "ic_nav_admin_selected@2x.png"; sourceTree = "<group>"; };
		0A3C8C2F1978C03A00ED1667 /* ic_nav_back_normal@2x.png */ = {isa = PBXFileReference; lastKnownFileType = image.png; path = "ic_nav_back_normal@2x.png"; sourceTree = "<group>"; };
		0A3C8C301978C03A00ED1667 /* ic_nav_cases_normal@2x.png */ = {isa = PBXFileReference; lastKnownFileType = image.png; path = "ic_nav_cases_normal@2x.png"; sourceTree = "<group>"; };
		0A3C8C311978C03A00ED1667 /* ic_nav_cases_selected@2x.png */ = {isa = PBXFileReference; lastKnownFileType = image.png; path = "ic_nav_cases_selected@2x.png"; sourceTree = "<group>"; };
		0A3C8C321978C03A00ED1667 /* ic_nav_close_normal@2x.png */ = {isa = PBXFileReference; lastKnownFileType = image.png; path = "ic_nav_close_normal@2x.png"; sourceTree = "<group>"; };
		0A3C8C331978C03A00ED1667 /* ic_nav_edit_normal@2x.png */ = {isa = PBXFileReference; lastKnownFileType = image.png; path = "ic_nav_edit_normal@2x.png"; sourceTree = "<group>"; };
		0A3C8C341978C03A00ED1667 /* ic_nav_map_normal@2x.png */ = {isa = PBXFileReference; lastKnownFileType = image.png; path = "ic_nav_map_normal@2x.png"; sourceTree = "<group>"; };
		0A3C8C351978C03A00ED1667 /* ic_nav_map_selected@2x.png */ = {isa = PBXFileReference; lastKnownFileType = image.png; path = "ic_nav_map_selected@2x.png"; sourceTree = "<group>"; };
		0A3C8C361978C03A00ED1667 /* ic_photoGallery_active@2x.png */ = {isa = PBXFileReference; lastKnownFileType = image.png; path = "ic_photoGallery_active@2x.png"; sourceTree = "<group>"; };
		0A3C8C371978C03A00ED1667 /* ic_photoGallery_inactive@2x.png */ = {isa = PBXFileReference; lastKnownFileType = image.png; path = "ic_photoGallery_inactive@2x.png"; sourceTree = "<group>"; };
		0A3C8C381978C03A00ED1667 /* ic_search@2x.png */ = {isa = PBXFileReference; lastKnownFileType = image.png; path = "ic_search@2x.png"; sourceTree = "<group>"; };
		0A3C8C4D1978E76000ED1667 /* BuildingAnnotationView.h */ = {isa = PBXFileReference; fileEncoding = 4; lastKnownFileType = sourcecode.c.h; path = BuildingAnnotationView.h; sourceTree = "<group>"; };
		0A3C8C4E1978E76000ED1667 /* BuildingAnnotationView.m */ = {isa = PBXFileReference; fileEncoding = 4; lastKnownFileType = sourcecode.c.objc; path = BuildingAnnotationView.m; sourceTree = "<group>"; };
		0ACDC5B94E4440D4A15CFB87 /* libPods.a */ = {isa = PBXFileReference; explicitFileType = archive.ar; includeInIndex = 0; path = libPods.a; sourceTree = BUILT_PRODUCTS_DIR; };
		0AE370B3196D16DB00E80E88 /* building.png */ = {isa = PBXFileReference; lastKnownFileType = image.png; path = building.png; sourceTree = "<group>"; };
		0AF08BAE1964EC94002761B9 /* THC.app */ = {isa = PBXFileReference; explicitFileType = wrapper.application; includeInIndex = 0; path = THC.app; sourceTree = BUILT_PRODUCTS_DIR; };
		0AF08BB11964EC94002761B9 /* Foundation.framework */ = {isa = PBXFileReference; lastKnownFileType = wrapper.framework; name = Foundation.framework; path = System/Library/Frameworks/Foundation.framework; sourceTree = SDKROOT; };
		0AF08BB31964EC94002761B9 /* CoreGraphics.framework */ = {isa = PBXFileReference; lastKnownFileType = wrapper.framework; name = CoreGraphics.framework; path = System/Library/Frameworks/CoreGraphics.framework; sourceTree = SDKROOT; };
		0AF08BB51964EC94002761B9 /* UIKit.framework */ = {isa = PBXFileReference; lastKnownFileType = wrapper.framework; name = UIKit.framework; path = System/Library/Frameworks/UIKit.framework; sourceTree = SDKROOT; };
		0AF08BB91964EC94002761B9 /* THC-Info.plist */ = {isa = PBXFileReference; lastKnownFileType = text.plist.xml; path = "THC-Info.plist"; sourceTree = "<group>"; };
		0AF08BBB1964EC94002761B9 /* en */ = {isa = PBXFileReference; lastKnownFileType = text.plist.strings; name = en; path = en.lproj/InfoPlist.strings; sourceTree = "<group>"; };
		0AF08BBD1964EC94002761B9 /* main.m */ = {isa = PBXFileReference; lastKnownFileType = sourcecode.c.objc; path = main.m; sourceTree = "<group>"; };
		0AF08BBF1964EC94002761B9 /* THC-Prefix.pch */ = {isa = PBXFileReference; lastKnownFileType = sourcecode.c.h; path = "THC-Prefix.pch"; sourceTree = "<group>"; };
		0AF08BC01964EC94002761B9 /* AppDelegate.h */ = {isa = PBXFileReference; lastKnownFileType = sourcecode.c.h; path = AppDelegate.h; sourceTree = "<group>"; };
		0AF08BC11964EC94002761B9 /* AppDelegate.m */ = {isa = PBXFileReference; lastKnownFileType = sourcecode.c.objc; path = AppDelegate.m; sourceTree = "<group>"; };
		0AF08BC31964EC94002761B9 /* Images.xcassets */ = {isa = PBXFileReference; lastKnownFileType = folder.assetcatalog; path = Images.xcassets; sourceTree = "<group>"; };
		0AF08BC91964EC94002761B9 /* THCTests.xctest */ = {isa = PBXFileReference; explicitFileType = wrapper.cfbundle; includeInIndex = 0; path = THCTests.xctest; sourceTree = BUILT_PRODUCTS_DIR; };
		0AF08BCA1964EC94002761B9 /* XCTest.framework */ = {isa = PBXFileReference; lastKnownFileType = wrapper.framework; name = XCTest.framework; path = Library/Frameworks/XCTest.framework; sourceTree = DEVELOPER_DIR; };
		0AF08BD21964EC94002761B9 /* THCTests-Info.plist */ = {isa = PBXFileReference; lastKnownFileType = text.plist.xml; path = "THCTests-Info.plist"; sourceTree = "<group>"; };
		0AF08BD41964EC94002761B9 /* en */ = {isa = PBXFileReference; lastKnownFileType = text.plist.strings; name = en; path = en.lproj/InfoPlist.strings; sourceTree = "<group>"; };
		0AF08BD61964EC94002761B9 /* THCTests.m */ = {isa = PBXFileReference; lastKnownFileType = sourcecode.c.objc; path = THCTests.m; sourceTree = "<group>"; };
		0AF08BE31964F16F002761B9 /* LoginViewController.h */ = {isa = PBXFileReference; fileEncoding = 4; lastKnownFileType = sourcecode.c.h; path = LoginViewController.h; sourceTree = "<group>"; };
		0AF08BE41964F16F002761B9 /* LoginViewController.m */ = {isa = PBXFileReference; fileEncoding = 4; lastKnownFileType = sourcecode.c.objc; path = LoginViewController.m; sourceTree = "<group>"; };
		0AF08BE51964F16F002761B9 /* LoginViewController.xib */ = {isa = PBXFileReference; fileEncoding = 4; lastKnownFileType = file.xib; path = LoginViewController.xib; sourceTree = "<group>"; };
		377D16A61967342A004E4E67 /* CameraViewController.h */ = {isa = PBXFileReference; fileEncoding = 4; lastKnownFileType = sourcecode.c.h; path = CameraViewController.h; sourceTree = "<group>"; };
		377D16A71967342A004E4E67 /* CameraViewController.m */ = {isa = PBXFileReference; fileEncoding = 4; lastKnownFileType = sourcecode.c.objc; path = CameraViewController.m; sourceTree = "<group>"; };
		377D16A81967342A004E4E67 /* CameraViewController.xib */ = {isa = PBXFileReference; fileEncoding = 4; lastKnownFileType = file.xib; path = CameraViewController.xib; sourceTree = "<group>"; };
		377D16AC1967BD38004E4E67 /* PhotoDescriptionViewController.h */ = {isa = PBXFileReference; fileEncoding = 4; lastKnownFileType = sourcecode.c.h; path = PhotoDescriptionViewController.h; sourceTree = "<group>"; };
		377D16AD1967BD38004E4E67 /* PhotoDescriptionViewController.m */ = {isa = PBXFileReference; fileEncoding = 4; lastKnownFileType = sourcecode.c.objc; path = PhotoDescriptionViewController.m; sourceTree = "<group>"; };
		377D16AE1967BD38004E4E67 /* PhotoDescriptionViewController.xib */ = {isa = PBXFileReference; fileEncoding = 4; lastKnownFileType = file.xib; path = PhotoDescriptionViewController.xib; sourceTree = "<group>"; };
		377D16B11967BE1D004E4E67 /* ViolationSubmissionViewController.h */ = {isa = PBXFileReference; fileEncoding = 4; lastKnownFileType = sourcecode.c.h; path = ViolationSubmissionViewController.h; sourceTree = "<group>"; };
		377D16B21967BE1D004E4E67 /* ViolationSubmissionViewController.m */ = {isa = PBXFileReference; fileEncoding = 4; lastKnownFileType = sourcecode.c.objc; path = ViolationSubmissionViewController.m; sourceTree = "<group>"; };
		377D16B31967BE1D004E4E67 /* ViolationSubmissionViewController.xib */ = {isa = PBXFileReference; fileEncoding = 4; lastKnownFileType = file.xib; path = ViolationSubmissionViewController.xib; sourceTree = "<group>"; };
		377D17091969E75F004E4E67 /* ViolationDescriptionViewController.h */ = {isa = PBXFileReference; fileEncoding = 4; lastKnownFileType = sourcecode.c.h; path = ViolationDescriptionViewController.h; sourceTree = "<group>"; };
		377D170A1969E75F004E4E67 /* ViolationDescriptionViewController.m */ = {isa = PBXFileReference; fileEncoding = 4; lastKnownFileType = sourcecode.c.objc; path = ViolationDescriptionViewController.m; sourceTree = "<group>"; };
		377D170B1969E75F004E4E67 /* ViolationDescriptionViewController.xib */ = {isa = PBXFileReference; fileEncoding = 4; lastKnownFileType = file.xib; path = ViolationDescriptionViewController.xib; sourceTree = "<group>"; };
		377D170E1969E7BA004E4E67 /* ViolationSubmissionForm.h */ = {isa = PBXFileReference; fileEncoding = 4; lastKnownFileType = sourcecode.c.h; path = ViolationSubmissionForm.h; sourceTree = "<group>"; };
		377D170F1969E7BA004E4E67 /* ViolationSubmissionForm.m */ = {isa = PBXFileReference; fileEncoding = 4; lastKnownFileType = sourcecode.c.objc; path = ViolationSubmissionForm.m; sourceTree = "<group>"; };
		377D17111969E7D7004E4E67 /* AddressForm.h */ = {isa = PBXFileReference; fileEncoding = 4; lastKnownFileType = sourcecode.c.h; path = AddressForm.h; sourceTree = "<group>"; };
		377D17121969E7D7004E4E67 /* AddressForm.m */ = {isa = PBXFileReference; fileEncoding = 4; lastKnownFileType = sourcecode.c.objc; path = AddressForm.m; sourceTree = "<group>"; };
		377D1714196AF9F0004E4E67 /* OtherAddress.h */ = {isa = PBXFileReference; fileEncoding = 4; lastKnownFileType = sourcecode.c.h; path = OtherAddress.h; sourceTree = "<group>"; };
		377D1715196AF9F0004E4E67 /* OtherAddress.m */ = {isa = PBXFileReference; fileEncoding = 4; lastKnownFileType = sourcecode.c.objc; path = OtherAddress.m; sourceTree = "<group>"; };
		37BD74B419739633004BD913 /* camera.png */ = {isa = PBXFileReference; lastKnownFileType = image.png; path = camera.png; sourceTree = "<group>"; };
		37BD74B71974274A004BD913 /* AsseptPicker.h */ = {isa = PBXFileReference; fileEncoding = 4; lastKnownFileType = sourcecode.c.h; path = AsseptPicker.h; sourceTree = "<group>"; };
		37BD74B81974274A004BD913 /* AsseptPicker.m */ = {isa = PBXFileReference; fileEncoding = 4; lastKnownFileType = sourcecode.c.objc; path = AsseptPicker.m; sourceTree = "<group>"; };
		37BD74BA1974276B004BD913 /* AssetWrapper.h */ = {isa = PBXFileReference; fileEncoding = 4; lastKnownFileType = sourcecode.c.h; path = AssetWrapper.h; sourceTree = "<group>"; };
		37BD74BB1974276B004BD913 /* AssetWrapper.m */ = {isa = PBXFileReference; fileEncoding = 4; lastKnownFileType = sourcecode.c.objc; path = AssetWrapper.m; sourceTree = "<group>"; };
		37BD74BD197427D5004BD913 /* PhotoCell.h */ = {isa = PBXFileReference; fileEncoding = 4; lastKnownFileType = sourcecode.c.h; path = PhotoCell.h; sourceTree = "<group>"; };
		37BD74BE197427D5004BD913 /* PhotoCell.m */ = {isa = PBXFileReference; fileEncoding = 4; lastKnownFileType = sourcecode.c.objc; path = PhotoCell.m; sourceTree = "<group>"; };
		37BD74C0197427F9004BD913 /* PhotoCell.xib */ = {isa = PBXFileReference; fileEncoding = 4; lastKnownFileType = file.xib; path = PhotoCell.xib; sourceTree = "<group>"; };
		37BD74C219742839004BD913 /* AlbumListController.h */ = {isa = PBXFileReference; fileEncoding = 4; lastKnownFileType = sourcecode.c.h; path = AlbumListController.h; sourceTree = "<group>"; };
		37BD74C319742839004BD913 /* AlbumListController.m */ = {isa = PBXFileReference; fileEncoding = 4; lastKnownFileType = sourcecode.c.objc; path = AlbumListController.m; sourceTree = "<group>"; };
		37BD74C419742839004BD913 /* AlbumListController.xib */ = {isa = PBXFileReference; fileEncoding = 4; lastKnownFileType = file.xib; path = AlbumListController.xib; sourceTree = "<group>"; };
		37BD74C719742864004BD913 /* PhotoCollectionController.h */ = {isa = PBXFileReference; fileEncoding = 4; lastKnownFileType = sourcecode.c.h; path = PhotoCollectionController.h; sourceTree = "<group>"; };
		37BD74C819742864004BD913 /* PhotoCollectionController.m */ = {isa = PBXFileReference; fileEncoding = 4; lastKnownFileType = sourcecode.c.objc; path = PhotoCollectionController.m; sourceTree = "<group>"; };
		37BD74C919742864004BD913 /* PhotoCollectionController.xib */ = {isa = PBXFileReference; fileEncoding = 4; lastKnownFileType = file.xib; path = PhotoCollectionController.xib; sourceTree = "<group>"; };
		37BD74CC19742BB1004BD913 /* SelectionIndicator.png */ = {isa = PBXFileReference; lastKnownFileType = image.png; path = SelectionIndicator.png; sourceTree = "<group>"; };
		37BD74CF19742C22004BD913 /* PhotoPicker.h */ = {isa = PBXFileReference; lastKnownFileType = sourcecode.c.h; path = PhotoPicker.h; sourceTree = "<group>"; };
		37BD74D01974A65F004BD913 /* delete1.png */ = {isa = PBXFileReference; lastKnownFileType = image.png; path = delete1.png; sourceTree = "<group>"; };
		37BD74D4197594C4004BD913 /* delete.png */ = {isa = PBXFileReference; lastKnownFileType = image.png; path = delete.png; sourceTree = "<group>"; };
		37BD751E197C858A004BD913 /* KxMenu.h */ = {isa = PBXFileReference; fileEncoding = 4; lastKnownFileType = sourcecode.c.h; path = KxMenu.h; sourceTree = "<group>"; };
		37BD751F197C858A004BD913 /* KxMenu.m */ = {isa = PBXFileReference; fileEncoding = 4; lastKnownFileType = sourcecode.c.objc; path = KxMenu.m; sourceTree = "<group>"; };
		37BD7521197C93D3004BD913 /* ic_reports_fullname@2x.png */ = {isa = PBXFileReference; lastKnownFileType = image.png; path = "ic_reports_fullname@2x.png"; sourceTree = "<group>"; };
		37BD7523197C93FB004BD913 /* NameFieldCell.h */ = {isa = PBXFileReference; fileEncoding = 4; lastKnownFileType = sourcecode.c.h; path = NameFieldCell.h; sourceTree = "<group>"; };
		37BD7524197C93FB004BD913 /* NameFieldCell.m */ = {isa = PBXFileReference; fileEncoding = 4; lastKnownFileType = sourcecode.c.objc; path = NameFieldCell.m; sourceTree = "<group>"; };
		37BD7525197C93FB004BD913 /* NameFieldCell.xib */ = {isa = PBXFileReference; fileEncoding = 4; lastKnownFileType = file.xib; path = NameFieldCell.xib; sourceTree = "<group>"; };
		37BD7528197C9432004BD913 /* SpokenLanguageFieldCell.h */ = {isa = PBXFileReference; fileEncoding = 4; lastKnownFileType = sourcecode.c.h; path = SpokenLanguageFieldCell.h; sourceTree = "<group>"; };
		37BD7529197C9432004BD913 /* SpokenLanguageFieldCell.m */ = {isa = PBXFileReference; fileEncoding = 4; lastKnownFileType = sourcecode.c.objc; path = SpokenLanguageFieldCell.m; sourceTree = "<group>"; };
		37BD752A197C9432004BD913 /* SpokenLanguageFieldCell.xib */ = {isa = PBXFileReference; fileEncoding = 4; lastKnownFileType = file.xib; path = SpokenLanguageFieldCell.xib; sourceTree = "<group>"; };
		37BD752D197C944A004BD913 /* PhoneFieldCell.h */ = {isa = PBXFileReference; fileEncoding = 4; lastKnownFileType = sourcecode.c.h; path = PhoneFieldCell.h; sourceTree = "<group>"; };
		37BD752E197C944A004BD913 /* PhoneFieldCell.m */ = {isa = PBXFileReference; fileEncoding = 4; lastKnownFileType = sourcecode.c.objc; path = PhoneFieldCell.m; sourceTree = "<group>"; };
		37BD752F197C944A004BD913 /* PhoneFieldCell.xib */ = {isa = PBXFileReference; fileEncoding = 4; lastKnownFileType = file.xib; path = PhoneFieldCell.xib; sourceTree = "<group>"; };
		37BD7532197C9461004BD913 /* EmailFieldCell.h */ = {isa = PBXFileReference; fileEncoding = 4; lastKnownFileType = sourcecode.c.h; path = EmailFieldCell.h; sourceTree = "<group>"; };
		37BD7533197C9461004BD913 /* EmailFieldCell.m */ = {isa = PBXFileReference; fileEncoding = 4; lastKnownFileType = sourcecode.c.objc; path = EmailFieldCell.m; sourceTree = "<group>"; };
		37BD7534197C9461004BD913 /* EmailFieldCell.xib */ = {isa = PBXFileReference; fileEncoding = 4; lastKnownFileType = file.xib; path = EmailFieldCell.xib; sourceTree = "<group>"; };
		37BD7537197C94ED004BD913 /* ic_reports_email@2x.png */ = {isa = PBXFileReference; lastKnownFileType = image.png; path = "ic_reports_email@2x.png"; sourceTree = "<group>"; };
		37BD7538197C94ED004BD913 /* ic_reports_language@2x.png */ = {isa = PBXFileReference; lastKnownFileType = image.png; path = "ic_reports_language@2x.png"; sourceTree = "<group>"; };
		37BD7539197C94ED004BD913 /* ic_reports_phone@2x.png */ = {isa = PBXFileReference; lastKnownFileType = image.png; path = "ic_reports_phone@2x.png"; sourceTree = "<group>"; };
		37BD753D197C9A15004BD913 /* ViolationForm.h */ = {isa = PBXFileReference; fileEncoding = 4; lastKnownFileType = sourcecode.c.h; path = ViolationForm.h; sourceTree = "<group>"; };
		37BD753E197C9A15004BD913 /* ViolationForm.m */ = {isa = PBXFileReference; fileEncoding = 4; lastKnownFileType = sourcecode.c.objc; path = ViolationForm.m; sourceTree = "<group>"; };
		37BD7545197CB7C1004BD913 /* HotelFieldCell.h */ = {isa = PBXFileReference; fileEncoding = 4; lastKnownFileType = sourcecode.c.h; path = HotelFieldCell.h; sourceTree = "<group>"; };
		37BD7546197CB7C1004BD913 /* HotelFieldCell.m */ = {isa = PBXFileReference; fileEncoding = 4; lastKnownFileType = sourcecode.c.objc; path = HotelFieldCell.m; sourceTree = "<group>"; };
		37BD7547197CB7C1004BD913 /* HotelFieldCell.xib */ = {isa = PBXFileReference; fileEncoding = 4; lastKnownFileType = file.xib; path = HotelFieldCell.xib; sourceTree = "<group>"; };
		37BD754A197CB7D9004BD913 /* UnitFieldCell.h */ = {isa = PBXFileReference; fileEncoding = 4; lastKnownFileType = sourcecode.c.h; path = UnitFieldCell.h; sourceTree = "<group>"; };
		37BD754B197CB7D9004BD913 /* UnitFieldCell.m */ = {isa = PBXFileReference; fileEncoding = 4; lastKnownFileType = sourcecode.c.objc; path = UnitFieldCell.m; sourceTree = "<group>"; };
		37BD754C197CB7D9004BD913 /* UnitFieldCell.xib */ = {isa = PBXFileReference; fileEncoding = 4; lastKnownFileType = file.xib; path = UnitFieldCell.xib; sourceTree = "<group>"; };
		37BD754F197CB819004BD913 /* ViolationTypeFieldCell.h */ = {isa = PBXFileReference; fileEncoding = 4; lastKnownFileType = sourcecode.c.h; path = ViolationTypeFieldCell.h; sourceTree = "<group>"; };
		37BD7550197CB819004BD913 /* ViolationTypeFieldCell.m */ = {isa = PBXFileReference; fileEncoding = 4; lastKnownFileType = sourcecode.c.objc; path = ViolationTypeFieldCell.m; sourceTree = "<group>"; };
		37BD7551197CB819004BD913 /* ViolationTypeFieldCell.xib */ = {isa = PBXFileReference; fileEncoding = 4; lastKnownFileType = file.xib; path = ViolationTypeFieldCell.xib; sourceTree = "<group>"; };
		37BD7554197CB833004BD913 /* ViolationDescriptionFieldCell.h */ = {isa = PBXFileReference; fileEncoding = 4; lastKnownFileType = sourcecode.c.h; path = ViolationDescriptionFieldCell.h; sourceTree = "<group>"; };
		37BD7555197CB833004BD913 /* ViolationDescriptionFieldCell.m */ = {isa = PBXFileReference; fileEncoding = 4; lastKnownFileType = sourcecode.c.objc; path = ViolationDescriptionFieldCell.m; sourceTree = "<group>"; };
		37BD7556197CB833004BD913 /* ViolationDescriptionFieldCell.xib */ = {isa = PBXFileReference; fileEncoding = 4; lastKnownFileType = file.xib; path = ViolationDescriptionFieldCell.xib; sourceTree = "<group>"; };
		37BD7559197CB8F0004BD913 /* ic_reports_hotel@2x.png */ = {isa = PBXFileReference; lastKnownFileType = image.png; path = "ic_reports_hotel@2x.png"; sourceTree = "<group>"; };
		37BD755B197CB91D004BD913 /* ic_reports_unit@2x.png */ = {isa = PBXFileReference; lastKnownFileType = image.png; path = "ic_reports_unit@2x.png"; sourceTree = "<group>"; };
		37BD755D197CB992004BD913 /* ic_reports_violationPhotos@2x.png */ = {isa = PBXFileReference; lastKnownFileType = image.png; path = "ic_reports_violationPhotos@2x.png"; sourceTree = "<group>"; };
		37BD755F197CB9B6004BD913 /* ic_reports_violationMultiUnit@2x.png */ = {isa = PBXFileReference; lastKnownFileType = image.png; path = "ic_reports_violationMultiUnit@2x.png"; sourceTree = "<group>"; };
		37BD7561197CBA15004BD913 /* btn_selected_remove_normal@2x.png */ = {isa = PBXFileReference; lastKnownFileType = image.png; path = "btn_selected_remove_normal@2x.png"; sourceTree = "<group>"; };
		37BD7563197CBA1F004BD913 /* btn_selected_remove_pressed@2x.png */ = {isa = PBXFileReference; lastKnownFileType = image.png; path = "btn_selected_remove_pressed@2x.png"; sourceTree = "<group>"; };
		37BD7565197CBA62004BD913 /* ic_report_camera@2x.png */ = {isa = PBXFileReference; lastKnownFileType = image.png; path = "ic_report_camera@2x.png"; sourceTree = "<group>"; };
		37BD7567197DB47A004BD913 /* ic_reports_violationText@2x.png */ = {isa = PBXFileReference; lastKnownFileType = image.png; path = "ic_reports_violationText@2x.png"; sourceTree = "<group>"; };
		37BD7568197DB47A004BD913 /* ic_reports_violationType@2x.png */ = {isa = PBXFileReference; lastKnownFileType = image.png; path = "ic_reports_violationType@2x.png"; sourceTree = "<group>"; };
		37BD756B197DB580004BD913 /* FieldContent.h */ = {isa = PBXFileReference; lastKnownFileType = sourcecode.c.h; path = FieldContent.h; sourceTree = "<group>"; };
		37BD756C197DCA29004BD913 /* MultiUnitFieldCell.h */ = {isa = PBXFileReference; fileEncoding = 4; lastKnownFileType = sourcecode.c.h; path = MultiUnitFieldCell.h; sourceTree = "<group>"; };
		37BD756D197DCA29004BD913 /* MultiUnitFieldCell.m */ = {isa = PBXFileReference; fileEncoding = 4; lastKnownFileType = sourcecode.c.objc; path = MultiUnitFieldCell.m; sourceTree = "<group>"; };
		37BD756E197DCA29004BD913 /* MultiUnitFieldCell.xib */ = {isa = PBXFileReference; fileEncoding = 4; lastKnownFileType = file.xib; path = MultiUnitFieldCell.xib; sourceTree = "<group>"; };
		37BD7571197DCA3B004BD913 /* SubmitCell.h */ = {isa = PBXFileReference; fileEncoding = 4; lastKnownFileType = sourcecode.c.h; path = SubmitCell.h; sourceTree = "<group>"; };
		37BD7572197DCA3B004BD913 /* SubmitCell.m */ = {isa = PBXFileReference; fileEncoding = 4; lastKnownFileType = sourcecode.c.objc; path = SubmitCell.m; sourceTree = "<group>"; };
		37BD7573197DCA3C004BD913 /* SubmitCell.xib */ = {isa = PBXFileReference; fileEncoding = 4; lastKnownFileType = file.xib; path = SubmitCell.xib; sourceTree = "<group>"; };
		37BD75F2197E3A3F004BD913 /* ic_camera_add@2x.png */ = {isa = PBXFileReference; lastKnownFileType = image.png; path = "ic_camera_add@2x.png"; sourceTree = "<group>"; };
		37BD75F4197E3A47004BD913 /* ic_camera@2x.png */ = {isa = PBXFileReference; lastKnownFileType = image.png; path = "ic_camera@2x.png"; sourceTree = "<group>"; };
		37BD75F6197E3A4E004BD913 /* btn_report_hintPicker_normal@2x.png */ = {isa = PBXFileReference; lastKnownFileType = image.png; path = "btn_report_hintPicker_normal@2x.png"; sourceTree = "<group>"; };
		37BD75F8197E3A56004BD913 /* btn_report_hintPicker_selected@2x.png */ = {isa = PBXFileReference; lastKnownFileType = image.png; path = "btn_report_hintPicker_selected@2x.png"; sourceTree = "<group>"; };
		87373A1E196F9DC000B93FBB /* CameraLauncher.h */ = {isa = PBXFileReference; fileEncoding = 4; lastKnownFileType = sourcecode.c.h; path = CameraLauncher.h; sourceTree = "<group>"; };
		87373A1F196F9DC000B93FBB /* CameraLauncher.m */ = {isa = PBXFileReference; fileEncoding = 4; lastKnownFileType = sourcecode.c.objc; path = CameraLauncher.m; sourceTree = "<group>"; };
		87749377197A18420094B83E /* BuildingPhoto.h */ = {isa = PBXFileReference; fileEncoding = 4; lastKnownFileType = sourcecode.c.h; path = BuildingPhoto.h; sourceTree = "<group>"; };
		87749378197A18420094B83E /* BuildingPhoto.m */ = {isa = PBXFileReference; fileEncoding = 4; lastKnownFileType = sourcecode.c.objc; path = BuildingPhoto.m; sourceTree = "<group>"; };
		8788459E197B56650077A27A /* SubmissionValidationViewController.h */ = {isa = PBXFileReference; fileEncoding = 4; lastKnownFileType = sourcecode.c.h; path = SubmissionValidationViewController.h; sourceTree = "<group>"; };
		8788459F197B56650077A27A /* SubmissionValidationViewController.m */ = {isa = PBXFileReference; fileEncoding = 4; lastKnownFileType = sourcecode.c.objc; path = SubmissionValidationViewController.m; sourceTree = "<group>"; };
		878845A0197B56650077A27A /* SubmissionValidationViewController.xib */ = {isa = PBXFileReference; fileEncoding = 4; lastKnownFileType = file.xib; path = SubmissionValidationViewController.xib; sourceTree = "<group>"; };
		878845A3197B8DD00077A27A /* ReviewReportButton.h */ = {isa = PBXFileReference; fileEncoding = 4; lastKnownFileType = sourcecode.c.h; path = ReviewReportButton.h; sourceTree = "<group>"; };
		878845A4197B8DD00077A27A /* ReviewReportButton.m */ = {isa = PBXFileReference; fileEncoding = 4; lastKnownFileType = sourcecode.c.objc; path = ReviewReportButton.m; sourceTree = "<group>"; };
		87A9884D1968C09500EDE34F /* CaseTableViewController.h */ = {isa = PBXFileReference; fileEncoding = 4; lastKnownFileType = sourcecode.c.h; path = CaseTableViewController.h; sourceTree = "<group>"; };
		87A9884E1968C09500EDE34F /* CaseTableViewController.m */ = {isa = PBXFileReference; fileEncoding = 4; lastKnownFileType = sourcecode.c.objc; path = CaseTableViewController.m; sourceTree = "<group>"; };
		87A9884F1968C09500EDE34F /* CaseTableViewController.xib */ = {isa = PBXFileReference; fileEncoding = 4; lastKnownFileType = file.xib; path = CaseTableViewController.xib; sourceTree = "<group>"; };
		87A988521968C0A400EDE34F /* CaseDetailViewController.h */ = {isa = PBXFileReference; fileEncoding = 4; lastKnownFileType = sourcecode.c.h; path = CaseDetailViewController.h; sourceTree = "<group>"; };
		87A988531968C0A400EDE34F /* CaseDetailViewController.m */ = {isa = PBXFileReference; fileEncoding = 4; lastKnownFileType = sourcecode.c.objc; path = CaseDetailViewController.m; sourceTree = "<group>"; };
		87A988541968C0A400EDE34F /* CaseDetailViewController.xib */ = {isa = PBXFileReference; fileEncoding = 4; lastKnownFileType = file.xib; path = CaseDetailViewController.xib; sourceTree = "<group>"; };
		87A988571968C0D700EDE34F /* CaseCell.h */ = {isa = PBXFileReference; fileEncoding = 4; lastKnownFileType = sourcecode.c.h; path = CaseCell.h; sourceTree = "<group>"; };
		87A988581968C0D700EDE34F /* CaseCell.m */ = {isa = PBXFileReference; fileEncoding = 4; lastKnownFileType = sourcecode.c.objc; path = CaseCell.m; sourceTree = "<group>"; };
		87A988591968C0D700EDE34F /* CaseCell.xib */ = {isa = PBXFileReference; fileEncoding = 4; lastKnownFileType = file.xib; path = CaseCell.xib; sourceTree = "<group>"; };
		87A9885C1968D6EE00EDE34F /* Case.h */ = {isa = PBXFileReference; fileEncoding = 4; lastKnownFileType = sourcecode.c.h; path = Case.h; sourceTree = "<group>"; };
		87A9885D1968D6EE00EDE34F /* Case.m */ = {isa = PBXFileReference; fileEncoding = 4; lastKnownFileType = sourcecode.c.objc; path = Case.m; sourceTree = "<group>"; };
		87A9885F196A3BE000EDE34F /* Note.h */ = {isa = PBXFileReference; fileEncoding = 4; lastKnownFileType = sourcecode.c.h; path = Note.h; sourceTree = "<group>"; };
		87A98860196A3BE000EDE34F /* Note.m */ = {isa = PBXFileReference; fileEncoding = 4; lastKnownFileType = sourcecode.c.objc; path = Note.m; sourceTree = "<group>"; };
		87B20020197C7F91000D6CBD /* btn_success_normal@2x.png */ = {isa = PBXFileReference; lastKnownFileType = image.png; path = "btn_success_normal@2x.png"; sourceTree = "<group>"; };
		87B20021197C7F91000D6CBD /* btn_success_pressed@2x.png */ = {isa = PBXFileReference; lastKnownFileType = image.png; path = "btn_success_pressed@2x.png"; sourceTree = "<group>"; };
		87B20024197C7FA9000D6CBD /* ic_nav_check_normal@2x.png */ = {isa = PBXFileReference; lastKnownFileType = image.png; path = "ic_nav_check_normal@2x.png"; sourceTree = "<group>"; };
		87B20025197C7FA9000D6CBD /* ic_success@2x.png */ = {isa = PBXFileReference; lastKnownFileType = image.png; path = "ic_success@2x.png"; sourceTree = "<group>"; };
		87B20028197C88FF000D6CBD /* HappySunViewController.h */ = {isa = PBXFileReference; fileEncoding = 4; lastKnownFileType = sourcecode.c.h; path = HappySunViewController.h; sourceTree = "<group>"; };
		87B20029197C88FF000D6CBD /* HappySunViewController.m */ = {isa = PBXFileReference; fileEncoding = 4; lastKnownFileType = sourcecode.c.objc; path = HappySunViewController.m; sourceTree = "<group>"; };
		87B2002A197C88FF000D6CBD /* HappySunViewController.xib */ = {isa = PBXFileReference; fileEncoding = 4; lastKnownFileType = file.xib; path = HappySunViewController.xib; sourceTree = "<group>"; };
		87B2002D197C90CE000D6CBD /* GetStartedButton.h */ = {isa = PBXFileReference; fileEncoding = 4; lastKnownFileType = sourcecode.c.h; path = GetStartedButton.h; sourceTree = "<group>"; };
		87B2002E197C90CE000D6CBD /* GetStartedButton.m */ = {isa = PBXFileReference; fileEncoding = 4; lastKnownFileType = sourcecode.c.objc; path = GetStartedButton.m; sourceTree = "<group>"; };
/* End PBXFileReference section */

/* Begin PBXFrameworksBuildPhase section */
		0AF08BAB1964EC94002761B9 /* Frameworks */ = {
			isa = PBXFrameworksBuildPhase;
			buildActionMask = 2147483647;
			files = (
				0A122E971969ACF8005894EB /* CoreLocation.framework in Frameworks */,
				0A2EF03F19663E9D00FED705 /* MapKit.framework in Frameworks */,
				0AF08BB41964EC94002761B9 /* CoreGraphics.framework in Frameworks */,
				0AF08BB61964EC94002761B9 /* UIKit.framework in Frameworks */,
				0AF08BB21964EC94002761B9 /* Foundation.framework in Frameworks */,
				44241DE75AEF4E11B2D2C50F /* libPods.a in Frameworks */,
			);
			runOnlyForDeploymentPostprocessing = 0;
		};
		0AF08BC61964EC94002761B9 /* Frameworks */ = {
			isa = PBXFrameworksBuildPhase;
			buildActionMask = 2147483647;
			files = (
				0AF08BCB1964EC94002761B9 /* XCTest.framework in Frameworks */,
				0AF08BCD1964EC94002761B9 /* UIKit.framework in Frameworks */,
				0AF08BCC1964EC94002761B9 /* Foundation.framework in Frameworks */,
			);
			runOnlyForDeploymentPostprocessing = 0;
		};
/* End PBXFrameworksBuildPhase section */

/* Begin PBXGroup section */
		0AF08BA51964EC94002761B9 = {
			isa = PBXGroup;
			children = (
				0AF08BB71964EC94002761B9 /* THC */,
				0AF08BD01964EC94002761B9 /* THCTests */,
				0AF08BB01964EC94002761B9 /* Frameworks */,
				0AF08BAF1964EC94002761B9 /* Products */,
				02E9147714AE45B28801C32B /* Pods.xcconfig */,
			);
			sourceTree = "<group>";
		};
		0AF08BAF1964EC94002761B9 /* Products */ = {
			isa = PBXGroup;
			children = (
				0AF08BAE1964EC94002761B9 /* THC.app */,
				0AF08BC91964EC94002761B9 /* THCTests.xctest */,
			);
			name = Products;
			sourceTree = "<group>";
		};
		0AF08BB01964EC94002761B9 /* Frameworks */ = {
			isa = PBXGroup;
			children = (
				0A122E961969ACF8005894EB /* CoreLocation.framework */,
				0A2EF03E19663E9D00FED705 /* MapKit.framework */,
				0AF08BB11964EC94002761B9 /* Foundation.framework */,
				0AF08BB31964EC94002761B9 /* CoreGraphics.framework */,
				0AF08BB51964EC94002761B9 /* UIKit.framework */,
				0AF08BCA1964EC94002761B9 /* XCTest.framework */,
				0ACDC5B94E4440D4A15CFB87 /* libPods.a */,
			);
			name = Frameworks;
			sourceTree = "<group>";
		};
		0AF08BB71964EC94002761B9 /* THC */ = {
			isa = PBXGroup;
			children = (
				37BD751D197C854E004BD913 /* DropMenu */,
				37BD74E2197882BC004BD913 /* FXForm */,
				37BD74CE19742C0A004BD913 /* Protocol */,
				37BD74B61974271E004BD913 /* Camera */,
				0AF08BE21964F127002761B9 /* Models */,
				0AF08BE11964F120002761B9 /* Views */,
				0AF08BE01964F11A002761B9 /* Controllers */,
				0AF08BC01964EC94002761B9 /* AppDelegate.h */,
				0AF08BC11964EC94002761B9 /* AppDelegate.m */,
				0AF08BC31964EC94002761B9 /* Images.xcassets */,
				0AF08BB81964EC94002761B9 /* Supporting Files */,
			);
			path = THC;
			sourceTree = "<group>";
		};
		0AF08BB81964EC94002761B9 /* Supporting Files */ = {
			isa = PBXGroup;
			children = (
				37BD75F8197E3A56004BD913 /* btn_report_hintPicker_selected@2x.png */,
				37BD75F6197E3A4E004BD913 /* btn_report_hintPicker_normal@2x.png */,
				37BD75F4197E3A47004BD913 /* ic_camera@2x.png */,
				37BD75F2197E3A3F004BD913 /* ic_camera_add@2x.png */,
				0A2FFB68197CE7970064E647 /* ic_signin_password@2x.png */,
				37BD7567197DB47A004BD913 /* ic_reports_violationText@2x.png */,
				37BD7568197DB47A004BD913 /* ic_reports_violationType@2x.png */,
				37BD7565197CBA62004BD913 /* ic_report_camera@2x.png */,
				37BD7563197CBA1F004BD913 /* btn_selected_remove_pressed@2x.png */,
				37BD7561197CBA15004BD913 /* btn_selected_remove_normal@2x.png */,
				37BD755F197CB9B6004BD913 /* ic_reports_violationMultiUnit@2x.png */,
				37BD755D197CB992004BD913 /* ic_reports_violationPhotos@2x.png */,
				37BD755B197CB91D004BD913 /* ic_reports_unit@2x.png */,
				37BD7559197CB8F0004BD913 /* ic_reports_hotel@2x.png */,
				37BD7537197C94ED004BD913 /* ic_reports_email@2x.png */,
				37BD7538197C94ED004BD913 /* ic_reports_language@2x.png */,
				37BD7539197C94ED004BD913 /* ic_reports_phone@2x.png */,
				37BD7521197C93D3004BD913 /* ic_reports_fullname@2x.png */,
				87B20024197C7FA9000D6CBD /* ic_nav_check_normal@2x.png */,
				87B20025197C7FA9000D6CBD /* ic_success@2x.png */,
				87B20020197C7F91000D6CBD /* btn_success_normal@2x.png */,
				87B20021197C7F91000D6CBD /* btn_success_pressed@2x.png */,
				0A3C8C251978C03A00ED1667 /* btn_adminLogin_normal@2x.png */,
				0A3C8C261978C03A00ED1667 /* btn_adminLogin_pressed@2x.png */,
				0A3C8C271978C03A00ED1667 /* btn_create_normal@2x.png */,
				0A3C8C281978C03A00ED1667 /* btn_create_pressed@2x.png */,
				0A3C8C291978C03A00ED1667 /* btn_email_normal@2x.png */,
				0A3C8C2A1978C03A00ED1667 /* btn_email_pressed@2x.png */,
				0A3C8C2B1978C03A00ED1667 /* btn_phone_normal@2x.png */,
				0A3C8C2C1978C03A00ED1667 /* btn_phone_pressed@2x.png */,
				0A3C8C2D1978C03A00ED1667 /* ic_nav_admin_normal@2x.png */,
				0A3C8C2E1978C03A00ED1667 /* ic_nav_admin_selected@2x.png */,
				0A3C8C2F1978C03A00ED1667 /* ic_nav_back_normal@2x.png */,
				0A3C8C301978C03A00ED1667 /* ic_nav_cases_normal@2x.png */,
				0A3C8C311978C03A00ED1667 /* ic_nav_cases_selected@2x.png */,
				0A3C8C321978C03A00ED1667 /* ic_nav_close_normal@2x.png */,
				0A3C8C331978C03A00ED1667 /* ic_nav_edit_normal@2x.png */,
				0A3C8C341978C03A00ED1667 /* ic_nav_map_normal@2x.png */,
				0A3C8C351978C03A00ED1667 /* ic_nav_map_selected@2x.png */,
				0A3C8C361978C03A00ED1667 /* ic_photoGallery_active@2x.png */,
				0A3C8C371978C03A00ED1667 /* ic_photoGallery_inactive@2x.png */,
				0A3C8C381978C03A00ED1667 /* ic_search@2x.png */,
				0A2FFB6A197CEAC90064E647 /* ic_signin_username@2x.png */,
				37BD74D4197594C4004BD913 /* delete.png */,
				37BD74D01974A65F004BD913 /* delete1.png */,
				37BD74CC19742BB1004BD913 /* SelectionIndicator.png */,
				37BD74B419739633004BD913 /* camera.png */,
				0AE370B3196D16DB00E80E88 /* building.png */,
				0AF08BB91964EC94002761B9 /* THC-Info.plist */,
				0AF08BBA1964EC94002761B9 /* InfoPlist.strings */,
				0AF08BBD1964EC94002761B9 /* main.m */,
				0AF08BBF1964EC94002761B9 /* THC-Prefix.pch */,
			);
			name = "Supporting Files";
			sourceTree = "<group>";
		};
		0AF08BD01964EC94002761B9 /* THCTests */ = {
			isa = PBXGroup;
			children = (
				0AF08BD61964EC94002761B9 /* THCTests.m */,
				0AF08BD11964EC94002761B9 /* Supporting Files */,
			);
			path = THCTests;
			sourceTree = "<group>";
		};
		0AF08BD11964EC94002761B9 /* Supporting Files */ = {
			isa = PBXGroup;
			children = (
				0AF08BD21964EC94002761B9 /* THCTests-Info.plist */,
				0AF08BD31964EC94002761B9 /* InfoPlist.strings */,
			);
			name = "Supporting Files";
			sourceTree = "<group>";
		};
		0AF08BE01964F11A002761B9 /* Controllers */ = {
			isa = PBXGroup;
			children = (
				0AF08BE31964F16F002761B9 /* LoginViewController.h */,
				0AF08BE41964F16F002761B9 /* LoginViewController.m */,
				0AF08BE51964F16F002761B9 /* LoginViewController.xib */,
				0A122E981969C2D4005894EB /* SignupViewController.h */,
				0A122E991969C2D4005894EB /* SignupViewController.m */,
				0A122E9A1969C2D4005894EB /* SignupViewController.xib */,
				0A2EF03919663E2A00FED705 /* AggregateMapViewController.h */,
				0A2EF03A19663E2A00FED705 /* AggregateMapViewController.m */,
				0A2EF03B19663E2A00FED705 /* AggregateMapViewController.xib */,
				377D16A61967342A004E4E67 /* CameraViewController.h */,
				377D16A71967342A004E4E67 /* CameraViewController.m */,
				377D16A81967342A004E4E67 /* CameraViewController.xib */,
				377D16AC1967BD38004E4E67 /* PhotoDescriptionViewController.h */,
				377D16AD1967BD38004E4E67 /* PhotoDescriptionViewController.m */,
				377D16AE1967BD38004E4E67 /* PhotoDescriptionViewController.xib */,
				377D16B11967BE1D004E4E67 /* ViolationSubmissionViewController.h */,
				377D16B21967BE1D004E4E67 /* ViolationSubmissionViewController.m */,
				377D16B31967BE1D004E4E67 /* ViolationSubmissionViewController.xib */,
				87A9884D1968C09500EDE34F /* CaseTableViewController.h */,
				87A9884E1968C09500EDE34F /* CaseTableViewController.m */,
				87A9884F1968C09500EDE34F /* CaseTableViewController.xib */,
				87A988521968C0A400EDE34F /* CaseDetailViewController.h */,
				87A988531968C0A400EDE34F /* CaseDetailViewController.m */,
				87A988541968C0A400EDE34F /* CaseDetailViewController.xib */,
				377D17091969E75F004E4E67 /* ViolationDescriptionViewController.h */,
				377D170A1969E75F004E4E67 /* ViolationDescriptionViewController.m */,
				377D170B1969E75F004E4E67 /* ViolationDescriptionViewController.xib */,
				87373A1E196F9DC000B93FBB /* CameraLauncher.h */,
				87373A1F196F9DC000B93FBB /* CameraLauncher.m */,
				0A2835531971D863008A5FC7 /* ExploreCasesContainerViewController.h */,
				0A2835541971D863008A5FC7 /* ExploreCasesContainerViewController.m */,
				0A2835551971D863008A5FC7 /* ExploreCasesContainerViewController.xib */,
				37BD74C219742839004BD913 /* AlbumListController.h */,
				37BD74C319742839004BD913 /* AlbumListController.m */,
				37BD74C419742839004BD913 /* AlbumListController.xib */,
				37BD74C719742864004BD913 /* PhotoCollectionController.h */,
				37BD74C819742864004BD913 /* PhotoCollectionController.m */,
				37BD74C919742864004BD913 /* PhotoCollectionController.xib */,
				0A2FFB37197A2C320064E647 /* CaseViewController.h */,
				0A2FFB38197A2C320064E647 /* CaseViewController.m */,
				0A2FFB39197A2C320064E647 /* CaseViewController.xib */,
				8788459E197B56650077A27A /* SubmissionValidationViewController.h */,
				8788459F197B56650077A27A /* SubmissionValidationViewController.m */,
				878845A0197B56650077A27A /* SubmissionValidationViewController.xib */,
				87B20028197C88FF000D6CBD /* HappySunViewController.h */,
				87B20029197C88FF000D6CBD /* HappySunViewController.m */,
				87B2002A197C88FF000D6CBD /* HappySunViewController.xib */,
			);
			name = Controllers;
			sourceTree = "<group>";
		};
		0AF08BE11964F120002761B9 /* Views */ = {
			isa = PBXGroup;
			children = (
				87A988571968C0D700EDE34F /* CaseCell.h */,
				87A988581968C0D700EDE34F /* CaseCell.m */,
				87A988591968C0D700EDE34F /* CaseCell.xib */,
				0A28355819721499008A5FC7 /* CreateReportButton.h */,
				0A28355919721499008A5FC7 /* CreateReportButton.m */,
				0A28355B1972DCB4008A5FC7 /* ExploreTabBarItem.h */,
				0A28355C1972DCB4008A5FC7 /* ExploreTabBarItem.m */,
				37BD74BD197427D5004BD913 /* PhotoCell.h */,
				37BD74BE197427D5004BD913 /* PhotoCell.m */,
				37BD74C0197427F9004BD913 /* PhotoCell.xib */,
				0A3C8C4D1978E76000ED1667 /* BuildingAnnotationView.h */,
				0A3C8C4E1978E76000ED1667 /* BuildingAnnotationView.m */,
				0A2FFB3C197B0F670064E647 /* DetailContentTableViewCell.h */,
				0A2FFB3D197B0F670064E647 /* DetailContentTableViewCell.m */,
				0A2FFB3E197B0F670064E647 /* DetailContentTableViewCell.xib */,
				878845A3197B8DD00077A27A /* ReviewReportButton.h */,
				878845A4197B8DD00077A27A /* ReviewReportButton.m */,
				0A2FFB4B197C28F90064E647 /* ContactInfoCell.h */,
				0A2FFB4C197C28F90064E647 /* ContactInfoCell.m */,
				0A2FFB4D197C28F90064E647 /* ContactInfoCell.xib */,
				0A2FFB50197C29D70064E647 /* ContactInfoButton.h */,
				0A2FFB51197C29D70064E647 /* ContactInfoButton.m */,
				87B2002D197C90CE000D6CBD /* GetStartedButton.h */,
				87B2002E197C90CE000D6CBD /* GetStartedButton.m */,
				37BD7523197C93FB004BD913 /* NameFieldCell.h */,
				37BD7524197C93FB004BD913 /* NameFieldCell.m */,
				37BD7525197C93FB004BD913 /* NameFieldCell.xib */,
				37BD7528197C9432004BD913 /* SpokenLanguageFieldCell.h */,
				37BD7529197C9432004BD913 /* SpokenLanguageFieldCell.m */,
				37BD752A197C9432004BD913 /* SpokenLanguageFieldCell.xib */,
				37BD752D197C944A004BD913 /* PhoneFieldCell.h */,
				37BD752E197C944A004BD913 /* PhoneFieldCell.m */,
				37BD752F197C944A004BD913 /* PhoneFieldCell.xib */,
				37BD7532197C9461004BD913 /* EmailFieldCell.h */,
				37BD7533197C9461004BD913 /* EmailFieldCell.m */,
				37BD7534197C9461004BD913 /* EmailFieldCell.xib */,
				37BD7545197CB7C1004BD913 /* HotelFieldCell.h */,
				37BD7546197CB7C1004BD913 /* HotelFieldCell.m */,
				37BD7547197CB7C1004BD913 /* HotelFieldCell.xib */,
				37BD754A197CB7D9004BD913 /* UnitFieldCell.h */,
				37BD754B197CB7D9004BD913 /* UnitFieldCell.m */,
				37BD754C197CB7D9004BD913 /* UnitFieldCell.xib */,
				37BD754F197CB819004BD913 /* ViolationTypeFieldCell.h */,
				37BD7550197CB819004BD913 /* ViolationTypeFieldCell.m */,
				37BD7551197CB819004BD913 /* ViolationTypeFieldCell.xib */,
				37BD7554197CB833004BD913 /* ViolationDescriptionFieldCell.h */,
				37BD7555197CB833004BD913 /* ViolationDescriptionFieldCell.m */,
				37BD7556197CB833004BD913 /* ViolationDescriptionFieldCell.xib */,
				37BD756C197DCA29004BD913 /* MultiUnitFieldCell.h */,
				37BD756D197DCA29004BD913 /* MultiUnitFieldCell.m */,
				37BD756E197DCA29004BD913 /* MultiUnitFieldCell.xib */,
				37BD7571197DCA3B004BD913 /* SubmitCell.h */,
				37BD7572197DCA3B004BD913 /* SubmitCell.m */,
				37BD7573197DCA3C004BD913 /* SubmitCell.xib */,
				0A2FFB5D197CBD6D0064E647 /* PhoneButton.h */,
				0A2FFB5E197CBD6D0064E647 /* PhoneButton.m */,
				0A2FFB53197C71590064E647 /* DetailViewTableHeader.h */,
				0A2FFB54197C71590064E647 /* DetailViewTableHeader.m */,
				0A2FFB56197C71710064E647 /* DetailViewTableHeader.xib */,
				0A2FFB60197CCBA70064E647 /* SendEmailButton.h */,
				0A2FFB61197CCBA70064E647 /* SendEmailButton.m */,
				0A2FFB63197CCC210064E647 /* DetailFooterView.h */,
				0A2FFB64197CCC210064E647 /* DetailFooterView.m */,
				0A2FFB66197CCC3B0064E647 /* DetailFooterView.xib */,
			);
			name = Views;
			sourceTree = "<group>";
		};
		0AF08BE21964F127002761B9 /* Models */ = {
			isa = PBXGroup;
			children = (
				87A9885C1968D6EE00EDE34F /* Case.h */,
				87A9885D1968D6EE00EDE34F /* Case.m */,
				0A122E8D1969A5BF005894EB /* PhotoInfo.h */,
				0A122E8E1969A5BF005894EB /* PhotoInfo.m */,
				0A122E931969A5F7005894EB /* Building.h */,
				0A122E941969A5F7005894EB /* Building.m */,
				377D170E1969E7BA004E4E67 /* ViolationSubmissionForm.h */,
				377D170F1969E7BA004E4E67 /* ViolationSubmissionForm.m */,
				37BD753D197C9A15004BD913 /* ViolationForm.h */,
				37BD753E197C9A15004BD913 /* ViolationForm.m */,
				377D17111969E7D7004E4E67 /* AddressForm.h */,
				377D17121969E7D7004E4E67 /* AddressForm.m */,
				377D1714196AF9F0004E4E67 /* OtherAddress.h */,
				377D1715196AF9F0004E4E67 /* OtherAddress.m */,
				87A9885F196A3BE000EDE34F /* Note.h */,
				87A98860196A3BE000EDE34F /* Note.m */,
				87749377197A18420094B83E /* BuildingPhoto.h */,
				87749378197A18420094B83E /* BuildingPhoto.m */,
			);
			name = Models;
			sourceTree = "<group>";
		};
		37BD74B61974271E004BD913 /* Camera */ = {
			isa = PBXGroup;
			children = (
				37BD74B71974274A004BD913 /* AsseptPicker.h */,
				37BD74B81974274A004BD913 /* AsseptPicker.m */,
				37BD74BA1974276B004BD913 /* AssetWrapper.h */,
				37BD74BB1974276B004BD913 /* AssetWrapper.m */,
			);
			name = Camera;
			sourceTree = "<group>";
		};
		37BD74CE19742C0A004BD913 /* Protocol */ = {
			isa = PBXGroup;
			children = (
				37BD74CF19742C22004BD913 /* PhotoPicker.h */,
				37BD756B197DB580004BD913 /* FieldContent.h */,
			);
			name = Protocol;
			sourceTree = "<group>";
		};
		37BD74E2197882BC004BD913 /* FXForm */ = {
			isa = PBXGroup;
			children = (
			);
			name = FXForm;
			sourceTree = "<group>";
		};
		37BD751D197C854E004BD913 /* DropMenu */ = {
			isa = PBXGroup;
			children = (
				37BD751E197C858A004BD913 /* KxMenu.h */,
				37BD751F197C858A004BD913 /* KxMenu.m */,
			);
			name = DropMenu;
			sourceTree = "<group>";
		};
/* End PBXGroup section */

/* Begin PBXNativeTarget section */
		0AF08BAD1964EC94002761B9 /* THC */ = {
			isa = PBXNativeTarget;
			buildConfigurationList = 0AF08BDA1964EC94002761B9 /* Build configuration list for PBXNativeTarget "THC" */;
			buildPhases = (
				27FE04453BC946739D3E079E /* Check Pods Manifest.lock */,
				0AF08BAA1964EC94002761B9 /* Sources */,
				0AF08BAB1964EC94002761B9 /* Frameworks */,
				0AF08BAC1964EC94002761B9 /* Resources */,
				8CB01C6E7A1E4C3989186AC3 /* Copy Pods Resources */,
			);
			buildRules = (
			);
			dependencies = (
			);
			name = THC;
			productName = THC;
			productReference = 0AF08BAE1964EC94002761B9 /* THC.app */;
			productType = "com.apple.product-type.application";
		};
		0AF08BC81964EC94002761B9 /* THCTests */ = {
			isa = PBXNativeTarget;
			buildConfigurationList = 0AF08BDD1964EC94002761B9 /* Build configuration list for PBXNativeTarget "THCTests" */;
			buildPhases = (
				0AF08BC51964EC94002761B9 /* Sources */,
				0AF08BC61964EC94002761B9 /* Frameworks */,
				0AF08BC71964EC94002761B9 /* Resources */,
			);
			buildRules = (
			);
			dependencies = (
				0AF08BCF1964EC94002761B9 /* PBXTargetDependency */,
			);
			name = THCTests;
			productName = THCTests;
			productReference = 0AF08BC91964EC94002761B9 /* THCTests.xctest */;
			productType = "com.apple.product-type.bundle.unit-test";
		};
/* End PBXNativeTarget section */

/* Begin PBXProject section */
		0AF08BA61964EC94002761B9 /* Project object */ = {
			isa = PBXProject;
			attributes = {
				LastUpgradeCheck = 0510;
				ORGANIZATIONNAME = THC;
				TargetAttributes = {
					0AF08BC81964EC94002761B9 = {
						TestTargetID = 0AF08BAD1964EC94002761B9;
					};
				};
			};
			buildConfigurationList = 0AF08BA91964EC94002761B9 /* Build configuration list for PBXProject "THC" */;
			compatibilityVersion = "Xcode 3.2";
			developmentRegion = English;
			hasScannedForEncodings = 0;
			knownRegions = (
				en,
			);
			mainGroup = 0AF08BA51964EC94002761B9;
			productRefGroup = 0AF08BAF1964EC94002761B9 /* Products */;
			projectDirPath = "";
			projectRoot = "";
			targets = (
				0AF08BAD1964EC94002761B9 /* THC */,
				0AF08BC81964EC94002761B9 /* THCTests */,
			);
		};
/* End PBXProject section */

/* Begin PBXResourcesBuildPhase section */
		0AF08BAC1964EC94002761B9 /* Resources */ = {
			isa = PBXResourcesBuildPhase;
			buildActionMask = 2147483647;
			files = (
				0AE370B4196D16DB00E80E88 /* building.png in Resources */,
				878845A2197B56650077A27A /* SubmissionValidationViewController.xib in Resources */,
				0A3C8C451978C03A00ED1667 /* ic_nav_cases_selected@2x.png in Resources */,
				0A3C8C4A1978C03A00ED1667 /* ic_photoGallery_active@2x.png in Resources */,
				87B2002C197C88FF000D6CBD /* HappySunViewController.xib in Resources */,
				0A3C8C491978C03A00ED1667 /* ic_nav_map_selected@2x.png in Resources */,
				0A122E9C1969C2D4005894EB /* SignupViewController.xib in Resources */,
				0A3C8C421978C03A00ED1667 /* ic_nav_admin_selected@2x.png in Resources */,
				0AF08BBC1964EC94002761B9 /* InfoPlist.strings in Resources */,
				37BD74CD19742BB1004BD913 /* SelectionIndicator.png in Resources */,
				37BD75F5197E3A47004BD913 /* ic_camera@2x.png in Resources */,
				87A9885B1968C0D700EDE34F /* CaseCell.xib in Resources */,
				87A988561968C0A400EDE34F /* CaseDetailViewController.xib in Resources */,
				37BD755C197CB91D004BD913 /* ic_reports_unit@2x.png in Resources */,
				0A2FFB4F197C28F90064E647 /* ContactInfoCell.xib in Resources */,
				0A2FFB67197CCC3B0064E647 /* DetailFooterView.xib in Resources */,
				87B20026197C7FA9000D6CBD /* ic_nav_check_normal@2x.png in Resources */,
				0A3C8C391978C03A00ED1667 /* btn_adminLogin_normal@2x.png in Resources */,
				37BD75F3197E3A3F004BD913 /* ic_camera_add@2x.png in Resources */,
				0AF08BC41964EC94002761B9 /* Images.xcassets in Resources */,
				37BD753A197C94ED004BD913 /* ic_reports_email@2x.png in Resources */,
				37BD7569197DB47A004BD913 /* ic_reports_violationText@2x.png in Resources */,
				37BD7558197CB833004BD913 /* ViolationDescriptionFieldCell.xib in Resources */,
				0A3C8C3A1978C03A00ED1667 /* btn_adminLogin_pressed@2x.png in Resources */,
				37BD7527197C93FB004BD913 /* NameFieldCell.xib in Resources */,
				0A3C8C3F1978C03A00ED1667 /* btn_phone_normal@2x.png in Resources */,
				87B20022197C7F91000D6CBD /* btn_success_normal@2x.png in Resources */,
				37BD7553197CB819004BD913 /* ViolationTypeFieldCell.xib in Resources */,
				37BD753B197C94ED004BD913 /* ic_reports_language@2x.png in Resources */,
				37BD74CB19742864004BD913 /* PhotoCollectionController.xib in Resources */,
				37BD74C619742839004BD913 /* AlbumListController.xib in Resources */,
				37BD75F7197E3A4E004BD913 /* btn_report_hintPicker_normal@2x.png in Resources */,
				37BD7562197CBA15004BD913 /* btn_selected_remove_normal@2x.png in Resources */,
				0AF08BE71964F16F002761B9 /* LoginViewController.xib in Resources */,
				37BD7531197C944A004BD913 /* PhoneFieldCell.xib in Resources */,
				0A3C8C481978C03A00ED1667 /* ic_nav_map_normal@2x.png in Resources */,
				37BD7575197DCA3C004BD913 /* SubmitCell.xib in Resources */,
				0A3C8C3B1978C03A00ED1667 /* btn_create_normal@2x.png in Resources */,
				0A3C8C4B1978C03A00ED1667 /* ic_photoGallery_inactive@2x.png in Resources */,
				0A2EF03D19663E2A00FED705 /* AggregateMapViewController.xib in Resources */,
				37BD74C1197427F9004BD913 /* PhotoCell.xib in Resources */,
				0A3C8C3D1978C03A00ED1667 /* btn_email_normal@2x.png in Resources */,
				0A3C8C401978C03A00ED1667 /* btn_phone_pressed@2x.png in Resources */,
				377D170D1969E75F004E4E67 /* ViolationDescriptionViewController.xib in Resources */,
				0A3C8C411978C03A00ED1667 /* ic_nav_admin_normal@2x.png in Resources */,
				37BD7566197CBA62004BD913 /* ic_report_camera@2x.png in Resources */,
				37BD7560197CB9B6004BD913 /* ic_reports_violationMultiUnit@2x.png in Resources */,
				87B20023197C7F91000D6CBD /* btn_success_pressed@2x.png in Resources */,
				37BD752C197C9432004BD913 /* SpokenLanguageFieldCell.xib in Resources */,
				0A3C8C441978C03A00ED1667 /* ic_nav_cases_normal@2x.png in Resources */,
				37BD754E197CB7D9004BD913 /* UnitFieldCell.xib in Resources */,
				0A3C8C4C1978C03A00ED1667 /* ic_search@2x.png in Resources */,
				37BD74D11974A65F004BD913 /* delete1.png in Resources */,
				0A2FFB57197C71710064E647 /* DetailViewTableHeader.xib in Resources */,
				377D16B01967BD38004E4E67 /* PhotoDescriptionViewController.xib in Resources */,
				0A2FFB3B197A2C320064E647 /* CaseViewController.xib in Resources */,
				37BD753C197C94ED004BD913 /* ic_reports_phone@2x.png in Resources */,
				0A2FFB6B197CEAC90064E647 /* ic_signin_username@2x.png in Resources */,
				37BD7564197CBA1F004BD913 /* btn_selected_remove_pressed@2x.png in Resources */,
				37BD7549197CB7C1004BD913 /* HotelFieldCell.xib in Resources */,
				377D16B51967BE1D004E4E67 /* ViolationSubmissionViewController.xib in Resources */,
				377D16AA1967342A004E4E67 /* CameraViewController.xib in Resources */,
				37BD7570197DCA29004BD913 /* MultiUnitFieldCell.xib in Resources */,
				87B20027197C7FA9000D6CBD /* ic_success@2x.png in Resources */,
				0A3C8C471978C03A00ED1667 /* ic_nav_edit_normal@2x.png in Resources */,
				37BD756A197DB47A004BD913 /* ic_reports_violationType@2x.png in Resources */,
				37BD7536197C9461004BD913 /* EmailFieldCell.xib in Resources */,
				0A2FFB69197CE7970064E647 /* ic_signin_password@2x.png in Resources */,
				0A2835571971D863008A5FC7 /* ExploreCasesContainerViewController.xib in Resources */,
				0A3C8C3C1978C03A00ED1667 /* btn_create_pressed@2x.png in Resources */,
				37BD75F9197E3A56004BD913 /* btn_report_hintPicker_selected@2x.png in Resources */,
				37BD755E197CB992004BD913 /* ic_reports_violationPhotos@2x.png in Resources */,
				37BD7522197C93D3004BD913 /* ic_reports_fullname@2x.png in Resources */,
				37BD74B519739633004BD913 /* camera.png in Resources */,
				87A988511968C09500EDE34F /* CaseTableViewController.xib in Resources */,
				0A3C8C461978C03A00ED1667 /* ic_nav_close_normal@2x.png in Resources */,
				37BD74D5197594C4004BD913 /* delete.png in Resources */,
				0A3C8C431978C03A00ED1667 /* ic_nav_back_normal@2x.png in Resources */,
				0A2FFB40197B0F670064E647 /* DetailContentTableViewCell.xib in Resources */,
				37BD755A197CB8F0004BD913 /* ic_reports_hotel@2x.png in Resources */,
				0A3C8C3E1978C03A00ED1667 /* btn_email_pressed@2x.png in Resources */,
			);
			runOnlyForDeploymentPostprocessing = 0;
		};
		0AF08BC71964EC94002761B9 /* Resources */ = {
			isa = PBXResourcesBuildPhase;
			buildActionMask = 2147483647;
			files = (
				0AF08BD51964EC94002761B9 /* InfoPlist.strings in Resources */,
			);
			runOnlyForDeploymentPostprocessing = 0;
		};
/* End PBXResourcesBuildPhase section */

/* Begin PBXShellScriptBuildPhase section */
		27FE04453BC946739D3E079E /* Check Pods Manifest.lock */ = {
			isa = PBXShellScriptBuildPhase;
			buildActionMask = 2147483647;
			files = (
			);
			inputPaths = (
			);
			name = "Check Pods Manifest.lock";
			outputPaths = (
			);
			runOnlyForDeploymentPostprocessing = 0;
			shellPath = /bin/sh;
			shellScript = "diff \"${PODS_ROOT}/../Podfile.lock\" \"${PODS_ROOT}/Manifest.lock\" > /dev/null\nif [[ $? != 0 ]] ; then\n    cat << EOM\nerror: The sandbox is not in sync with the Podfile.lock. Run 'pod install' or update your CocoaPods installation.\nEOM\n    exit 1\nfi\n";
			showEnvVarsInLog = 0;
		};
		8CB01C6E7A1E4C3989186AC3 /* Copy Pods Resources */ = {
			isa = PBXShellScriptBuildPhase;
			buildActionMask = 2147483647;
			files = (
			);
			inputPaths = (
			);
			name = "Copy Pods Resources";
			outputPaths = (
			);
			runOnlyForDeploymentPostprocessing = 0;
			shellPath = /bin/sh;
			shellScript = "\"${SRCROOT}/Pods/Pods-resources.sh\"\n";
			showEnvVarsInLog = 0;
		};
/* End PBXShellScriptBuildPhase section */

/* Begin PBXSourcesBuildPhase section */
		0AF08BAA1964EC94002761B9 /* Sources */ = {
			isa = PBXSourcesBuildPhase;
			buildActionMask = 2147483647;
			files = (
				37BD74CA19742864004BD913 /* PhotoCollectionController.m in Sources */,
				377D17131969E7D7004E4E67 /* AddressForm.m in Sources */,
				0A2FFB3A197A2C320064E647 /* CaseViewController.m in Sources */,
				878845A5197B8DD00077A27A /* ReviewReportButton.m in Sources */,
				87B2002B197C88FF000D6CBD /* HappySunViewController.m in Sources */,
				0A122E8F1969A5BF005894EB /* PhotoInfo.m in Sources */,
				377D16AF1967BD38004E4E67 /* PhotoDescriptionViewController.m in Sources */,
				37BD752B197C9432004BD913 /* SpokenLanguageFieldCell.m in Sources */,
				37BD756F197DCA29004BD913 /* MultiUnitFieldCell.m in Sources */,
				37BD7520197C858A004BD913 /* KxMenu.m in Sources */,
				377D16A91967342A004E4E67 /* CameraViewController.m in Sources */,
				878845A1197B56650077A27A /* SubmissionValidationViewController.m in Sources */,
				0AF08BC21964EC94002761B9 /* AppDelegate.m in Sources */,
				0A2FFB4E197C28F90064E647 /* ContactInfoCell.m in Sources */,
				87749379197A18420094B83E /* BuildingPhoto.m in Sources */,
				37BD7574197DCA3C004BD913 /* SubmitCell.m in Sources */,
				0A2FFB55197C71590064E647 /* DetailViewTableHeader.m in Sources */,
				0A2FFB3F197B0F670064E647 /* DetailContentTableViewCell.m in Sources */,
				377D16B41967BE1D004E4E67 /* ViolationSubmissionViewController.m in Sources */,
				0A2FFB62197CCBA70064E647 /* SendEmailButton.m in Sources */,
				0A122E951969A5F7005894EB /* Building.m in Sources */,
				0A3C8C4F1978E76000ED1667 /* BuildingAnnotationView.m in Sources */,
				0A28355A19721499008A5FC7 /* CreateReportButton.m in Sources */,
				37BD74BC1974276B004BD913 /* AssetWrapper.m in Sources */,
				0AF08BBE1964EC94002761B9 /* main.m in Sources */,
				37BD74C519742839004BD913 /* AlbumListController.m in Sources */,
				37BD74BF197427D5004BD913 /* PhotoCell.m in Sources */,
				377D170C1969E75F004E4E67 /* ViolationDescriptionViewController.m in Sources */,
				37BD754D197CB7D9004BD913 /* UnitFieldCell.m in Sources */,
				87A98861196A3BE000EDE34F /* Note.m in Sources */,
				0A28355D1972DCB4008A5FC7 /* ExploreTabBarItem.m in Sources */,
				0AF08BE61964F16F002761B9 /* LoginViewController.m in Sources */,
				0A2FFB65197CCC210064E647 /* DetailFooterView.m in Sources */,
				37BD7548197CB7C1004BD913 /* HotelFieldCell.m in Sources */,
				87A9885E1968D6EE00EDE34F /* Case.m in Sources */,
				0A122E9B1969C2D4005894EB /* SignupViewController.m in Sources */,
				0A2FFB52197C29D70064E647 /* ContactInfoButton.m in Sources */,
				87B2002F197C90CE000D6CBD /* GetStartedButton.m in Sources */,
				0A2FFB5F197CBD6D0064E647 /* PhoneButton.m in Sources */,
				0A2EF03C19663E2A00FED705 /* AggregateMapViewController.m in Sources */,
				0A2835561971D863008A5FC7 /* ExploreCasesContainerViewController.m in Sources */,
				87373A20196F9DC000B93FBB /* CameraLauncher.m in Sources */,
				87A9885A1968C0D700EDE34F /* CaseCell.m in Sources */,
				37BD7530197C944A004BD913 /* PhoneFieldCell.m in Sources */,
				87A988551968C0A400EDE34F /* CaseDetailViewController.m in Sources */,
				37BD7557197CB833004BD913 /* ViolationDescriptionFieldCell.m in Sources */,
				37BD7552197CB819004BD913 /* ViolationTypeFieldCell.m in Sources */,
				377D17101969E7BA004E4E67 /* ViolationSubmissionForm.m in Sources */,
				377D1716196AF9F0004E4E67 /* OtherAddress.m in Sources */,
				37BD7526197C93FB004BD913 /* NameFieldCell.m in Sources */,
				87A988501968C09500EDE34F /* CaseTableViewController.m in Sources */,
				37BD74B91974274A004BD913 /* AsseptPicker.m in Sources */,
				37BD7535197C9461004BD913 /* EmailFieldCell.m in Sources */,
				37BD753F197C9A15004BD913 /* ViolationForm.m in Sources */,
			);
			runOnlyForDeploymentPostprocessing = 0;
		};
		0AF08BC51964EC94002761B9 /* Sources */ = {
			isa = PBXSourcesBuildPhase;
			buildActionMask = 2147483647;
			files = (
				0AF08BD71964EC94002761B9 /* THCTests.m in Sources */,
			);
			runOnlyForDeploymentPostprocessing = 0;
		};
/* End PBXSourcesBuildPhase section */

/* Begin PBXTargetDependency section */
		0AF08BCF1964EC94002761B9 /* PBXTargetDependency */ = {
			isa = PBXTargetDependency;
			target = 0AF08BAD1964EC94002761B9 /* THC */;
			targetProxy = 0AF08BCE1964EC94002761B9 /* PBXContainerItemProxy */;
		};
/* End PBXTargetDependency section */

/* Begin PBXVariantGroup section */
		0AF08BBA1964EC94002761B9 /* InfoPlist.strings */ = {
			isa = PBXVariantGroup;
			children = (
				0AF08BBB1964EC94002761B9 /* en */,
			);
			name = InfoPlist.strings;
			sourceTree = "<group>";
		};
		0AF08BD31964EC94002761B9 /* InfoPlist.strings */ = {
			isa = PBXVariantGroup;
			children = (
				0AF08BD41964EC94002761B9 /* en */,
			);
			name = InfoPlist.strings;
			sourceTree = "<group>";
		};
/* End PBXVariantGroup section */

/* Begin XCBuildConfiguration section */
		0AF08BD81964EC94002761B9 /* Debug */ = {
			isa = XCBuildConfiguration;
			buildSettings = {
				ALWAYS_SEARCH_USER_PATHS = NO;
				CLANG_CXX_LANGUAGE_STANDARD = "gnu++0x";
				CLANG_CXX_LIBRARY = "libc++";
				CLANG_ENABLE_MODULES = YES;
				CLANG_ENABLE_OBJC_ARC = YES;
				CLANG_WARN_BOOL_CONVERSION = YES;
				CLANG_WARN_CONSTANT_CONVERSION = YES;
				CLANG_WARN_DIRECT_OBJC_ISA_USAGE = YES_ERROR;
				CLANG_WARN_EMPTY_BODY = YES;
				CLANG_WARN_ENUM_CONVERSION = YES;
				CLANG_WARN_INT_CONVERSION = YES;
				CLANG_WARN_OBJC_ROOT_CLASS = YES_ERROR;
				CLANG_WARN__DUPLICATE_METHOD_MATCH = YES;
				"CODE_SIGN_IDENTITY[sdk=iphoneos*]" = "iPhone Developer";
				COPY_PHASE_STRIP = NO;
				GCC_C_LANGUAGE_STANDARD = gnu99;
				GCC_DYNAMIC_NO_PIC = NO;
				GCC_OPTIMIZATION_LEVEL = 0;
				GCC_PREPROCESSOR_DEFINITIONS = (
					"DEBUG=1",
					"$(inherited)",
				);
				GCC_SYMBOLS_PRIVATE_EXTERN = NO;
				GCC_WARN_64_TO_32_BIT_CONVERSION = YES;
				GCC_WARN_ABOUT_RETURN_TYPE = YES_ERROR;
				GCC_WARN_UNDECLARED_SELECTOR = YES;
				GCC_WARN_UNINITIALIZED_AUTOS = YES_AGGRESSIVE;
				GCC_WARN_UNUSED_FUNCTION = YES;
				GCC_WARN_UNUSED_VARIABLE = YES;
				IPHONEOS_DEPLOYMENT_TARGET = 7.1;
				ONLY_ACTIVE_ARCH = YES;
				SDKROOT = iphoneos;
			};
			name = Debug;
		};
		0AF08BD91964EC94002761B9 /* Release */ = {
			isa = XCBuildConfiguration;
			buildSettings = {
				ALWAYS_SEARCH_USER_PATHS = NO;
				CLANG_CXX_LANGUAGE_STANDARD = "gnu++0x";
				CLANG_CXX_LIBRARY = "libc++";
				CLANG_ENABLE_MODULES = YES;
				CLANG_ENABLE_OBJC_ARC = YES;
				CLANG_WARN_BOOL_CONVERSION = YES;
				CLANG_WARN_CONSTANT_CONVERSION = YES;
				CLANG_WARN_DIRECT_OBJC_ISA_USAGE = YES_ERROR;
				CLANG_WARN_EMPTY_BODY = YES;
				CLANG_WARN_ENUM_CONVERSION = YES;
				CLANG_WARN_INT_CONVERSION = YES;
				CLANG_WARN_OBJC_ROOT_CLASS = YES_ERROR;
				CLANG_WARN__DUPLICATE_METHOD_MATCH = YES;
				"CODE_SIGN_IDENTITY[sdk=iphoneos*]" = "iPhone Developer";
				COPY_PHASE_STRIP = YES;
				ENABLE_NS_ASSERTIONS = NO;
				GCC_C_LANGUAGE_STANDARD = gnu99;
				GCC_WARN_64_TO_32_BIT_CONVERSION = YES;
				GCC_WARN_ABOUT_RETURN_TYPE = YES_ERROR;
				GCC_WARN_UNDECLARED_SELECTOR = YES;
				GCC_WARN_UNINITIALIZED_AUTOS = YES_AGGRESSIVE;
				GCC_WARN_UNUSED_FUNCTION = YES;
				GCC_WARN_UNUSED_VARIABLE = YES;
				IPHONEOS_DEPLOYMENT_TARGET = 7.1;
				SDKROOT = iphoneos;
				VALIDATE_PRODUCT = YES;
			};
			name = Release;
		};
		0AF08BDB1964EC94002761B9 /* Debug */ = {
			isa = XCBuildConfiguration;
			baseConfigurationReference = 02E9147714AE45B28801C32B /* Pods.xcconfig */;
			buildSettings = {
				ASSETCATALOG_COMPILER_APPICON_NAME = AppIcon;
				ASSETCATALOG_COMPILER_LAUNCHIMAGE_NAME = LaunchImage;
				CLANG_WARN_IMPLICIT_SIGN_CONVERSION = NO;
				CLANG_WARN_OBJC_IMPLICIT_RETAIN_SELF = NO;
				CLANG_WARN_OBJC_RECEIVER_WEAK = NO;
				CLANG_WARN_OBJC_REPEATED_USE_OF_WEAK = NO;
				CLANG_WARN_SUSPICIOUS_IMPLICIT_CONVERSION = YES;
				GCC_PRECOMPILE_PREFIX_HEADER = YES;
				GCC_PREFIX_HEADER = "THC/THC-Prefix.pch";
				GCC_TREAT_INCOMPATIBLE_POINTER_TYPE_WARNINGS_AS_ERRORS = YES;
				GCC_TREAT_WARNINGS_AS_ERRORS = NO;
				GCC_WARN_ABOUT_MISSING_NEWLINE = YES;
				GCC_WARN_MULTIPLE_DEFINITION_TYPES_FOR_SELECTOR = YES;
				GCC_WARN_PEDANTIC = YES;
				GCC_WARN_SHADOW = YES;
				GCC_WARN_SIGN_COMPARE = YES;
				GCC_WARN_STRICT_SELECTOR_MATCH = YES;
				GCC_WARN_UNUSED_LABEL = YES;
				GCC_WARN_UNUSED_PARAMETER = NO;
				INFOPLIST_FILE = "THC/THC-Info.plist";
				PRODUCT_NAME = "$(TARGET_NAME)";
				WRAPPER_EXTENSION = app;
			};
			name = Debug;
		};
		0AF08BDC1964EC94002761B9 /* Release */ = {
			isa = XCBuildConfiguration;
			baseConfigurationReference = 02E9147714AE45B28801C32B /* Pods.xcconfig */;
			buildSettings = {
				ASSETCATALOG_COMPILER_APPICON_NAME = AppIcon;
				ASSETCATALOG_COMPILER_LAUNCHIMAGE_NAME = LaunchImage;
				CLANG_WARN_IMPLICIT_SIGN_CONVERSION = NO;
				CLANG_WARN_OBJC_IMPLICIT_RETAIN_SELF = NO;
				CLANG_WARN_OBJC_RECEIVER_WEAK = NO;
				CLANG_WARN_OBJC_REPEATED_USE_OF_WEAK = NO;
				CLANG_WARN_SUSPICIOUS_IMPLICIT_CONVERSION = YES;
				GCC_PRECOMPILE_PREFIX_HEADER = YES;
				GCC_PREFIX_HEADER = "THC/THC-Prefix.pch";
				GCC_TREAT_INCOMPATIBLE_POINTER_TYPE_WARNINGS_AS_ERRORS = YES;
				GCC_TREAT_WARNINGS_AS_ERRORS = NO;
				GCC_WARN_ABOUT_MISSING_NEWLINE = YES;
				GCC_WARN_MULTIPLE_DEFINITION_TYPES_FOR_SELECTOR = YES;
				GCC_WARN_PEDANTIC = YES;
				GCC_WARN_SHADOW = YES;
				GCC_WARN_SIGN_COMPARE = YES;
				GCC_WARN_STRICT_SELECTOR_MATCH = YES;
				GCC_WARN_UNUSED_LABEL = YES;
				GCC_WARN_UNUSED_PARAMETER = NO;
				INFOPLIST_FILE = "THC/THC-Info.plist";
				PRODUCT_NAME = "$(TARGET_NAME)";
				WRAPPER_EXTENSION = app;
			};
			name = Release;
		};
		0AF08BDE1964EC94002761B9 /* Debug */ = {
			isa = XCBuildConfiguration;
			buildSettings = {
				BUNDLE_LOADER = "$(BUILT_PRODUCTS_DIR)/THC.app/THC";
				FRAMEWORK_SEARCH_PATHS = (
					"$(SDKROOT)/Developer/Library/Frameworks",
					"$(inherited)",
					"$(DEVELOPER_FRAMEWORKS_DIR)",
				);
				GCC_PRECOMPILE_PREFIX_HEADER = YES;
				GCC_PREFIX_HEADER = "THC/THC-Prefix.pch";
				GCC_PREPROCESSOR_DEFINITIONS = (
					"DEBUG=1",
					"$(inherited)",
				);
				INFOPLIST_FILE = "THCTests/THCTests-Info.plist";
				PRODUCT_NAME = "$(TARGET_NAME)";
				TEST_HOST = "$(BUNDLE_LOADER)";
				WRAPPER_EXTENSION = xctest;
			};
			name = Debug;
		};
		0AF08BDF1964EC94002761B9 /* Release */ = {
			isa = XCBuildConfiguration;
			buildSettings = {
				BUNDLE_LOADER = "$(BUILT_PRODUCTS_DIR)/THC.app/THC";
				FRAMEWORK_SEARCH_PATHS = (
					"$(SDKROOT)/Developer/Library/Frameworks",
					"$(inherited)",
					"$(DEVELOPER_FRAMEWORKS_DIR)",
				);
				GCC_PRECOMPILE_PREFIX_HEADER = YES;
				GCC_PREFIX_HEADER = "THC/THC-Prefix.pch";
				INFOPLIST_FILE = "THCTests/THCTests-Info.plist";
				PRODUCT_NAME = "$(TARGET_NAME)";
				TEST_HOST = "$(BUNDLE_LOADER)";
				WRAPPER_EXTENSION = xctest;
			};
			name = Release;
		};
/* End XCBuildConfiguration section */

/* Begin XCConfigurationList section */
		0AF08BA91964EC94002761B9 /* Build configuration list for PBXProject "THC" */ = {
			isa = XCConfigurationList;
			buildConfigurations = (
				0AF08BD81964EC94002761B9 /* Debug */,
				0AF08BD91964EC94002761B9 /* Release */,
			);
			defaultConfigurationIsVisible = 0;
			defaultConfigurationName = Release;
		};
		0AF08BDA1964EC94002761B9 /* Build configuration list for PBXNativeTarget "THC" */ = {
			isa = XCConfigurationList;
			buildConfigurations = (
				0AF08BDB1964EC94002761B9 /* Debug */,
				0AF08BDC1964EC94002761B9 /* Release */,
			);
			defaultConfigurationIsVisible = 0;
			defaultConfigurationName = Release;
		};
		0AF08BDD1964EC94002761B9 /* Build configuration list for PBXNativeTarget "THCTests" */ = {
			isa = XCConfigurationList;
			buildConfigurations = (
				0AF08BDE1964EC94002761B9 /* Debug */,
				0AF08BDF1964EC94002761B9 /* Release */,
			);
			defaultConfigurationIsVisible = 0;
			defaultConfigurationName = Release;
		};
/* End XCConfigurationList section */
	};
	rootObject = 0AF08BA61964EC94002761B9 /* Project object */;
}
